// !$*UTF8*$!
{
	archiveVersion = 1;
	classes = {
	};
	objectVersion = 77;
	objects = {

/* Begin PBXBuildFile section */
		9E7FC0CD2D768CB500CEF423 /* Assets.xcassets in Resources */ = {isa = PBXBuildFile; fileRef = 9E7FC0C42D768CB500CEF423 /* Assets.xcassets */; };
		9E7FC0CF2D768CB500CEF423 /* LaunchScreen.storyboard in Resources */ = {isa = PBXBuildFile; fileRef = 9E7FC0C72D768CB500CEF423 /* LaunchScreen.storyboard */; };
		9E7FC0D12D768CB500CEF423 /* AppDelegate.swift in Sources */ = {isa = PBXBuildFile; fileRef = 9E7FC0C32D768CB500CEF423 /* AppDelegate.swift */; };
		9E7FC0D22D768CB500CEF423 /* SceneDelegate.swift in Sources */ = {isa = PBXBuildFile; fileRef = 9E7FC0CA2D768CB500CEF423 /* SceneDelegate.swift */; };
		9E7FC0D32D768CB500CEF423 /* ViewController.swift in Sources */ = {isa = PBXBuildFile; fileRef = 9E7FC0CB2D768CB500CEF423 /* ViewController.swift */; };
		9E7FC0D92D768CC900CEF423 /* Reusable.swift in Sources */ = {isa = PBXBuildFile; fileRef = 9E7FC0D82D768CC900CEF423 /* Reusable.swift */; };
		9E7FC0DA2D768CC900CEF423 /* ListTableViewCell.swift in Sources */ = {isa = PBXBuildFile; fileRef = 9E7FC0D62D768CC900CEF423 /* ListTableViewCell.swift */; };
		9E7FC0DB2D768CC900CEF423 /* AddViewController.swift in Sources */ = {isa = PBXBuildFile; fileRef = 9E7FC0D52D768CC900CEF423 /* AddViewController.swift */; };
		9E7FC0DC2D768CC900CEF423 /* MainViewController.swift in Sources */ = {isa = PBXBuildFile; fileRef = 9E7FC0D72D768CC900CEF423 /* MainViewController.swift */; };
		9E7FC0F72D768D0C00CEF423 /* SnapKit in Frameworks */ = {isa = PBXBuildFile; productRef = 9E7FC0F62D768D0C00CEF423 /* SnapKit */; };
		9E7FC0FA2D768DCB00CEF423 /* RealmSwift in Frameworks */ = {isa = PBXBuildFile; productRef = 9E7FC0F92D768DCB00CEF423 /* RealmSwift */; };
		9E7FC0FB2D768EB700CEF423 /* RealmSwift in Embed Frameworks */ = {isa = PBXBuildFile; productRef = 9E7FC0F92D768DCB00CEF423 /* RealmSwift */; settings = {ATTRIBUTES = (CodeSignOnCopy, ); }; };
		9E7FC0FF2D7694DC00CEF423 /* RealmModel.swift in Sources */ = {isa = PBXBuildFile; fileRef = 9E7FC0FE2D7694DC00CEF423 /* RealmModel.swift */; };
		9E7FC1452D77D71500CEF423 /* JackTableRepository.swift in Sources */ = {isa = PBXBuildFile; fileRef = 9E7FC1442D77D71500CEF423 /* JackTableRepository.swift */; };
		9E7FC1472D77E56000CEF423 /* Folder.swift in Sources */ = {isa = PBXBuildFile; fileRef = 9E7FC1462D77E56000CEF423 /* Folder.swift */; };
		9E7FC1492D77E84200CEF423 /* FolderRepository.swift in Sources */ = {isa = PBXBuildFile; fileRef = 9E7FC1482D77E84200CEF423 /* FolderRepository.swift */; };
		9E7FC14B2D77EF2F00CEF423 /* FolderViewController.swift in Sources */ = {isa = PBXBuildFile; fileRef = 9E7FC14A2D77EF2F00CEF423 /* FolderViewController.swift */; };
		9E7FC14D2D77F81100CEF423 /* FolderDetailViewController.swift in Sources */ = {isa = PBXBuildFile; fileRef = 9E7FC14C2D77F81100CEF423 /* FolderDetailViewController.swift */; };
		9E7FC1EA2D7A732300CEF423 /* FSCalendar in Frameworks */ = {isa = PBXBuildFile; productRef = 9E7FC1E92D7A732300CEF423 /* FSCalendar */; };
		9E7FC1EC2D7A863A00CEF423 /* UIViewController+Extension.swift in Sources */ = {isa = PBXBuildFile; fileRef = 9E7FC1EB2D7A863A00CEF423 /* UIViewController+Extension.swift */; };
		9E9E1C8A2D7E6DEF000EC8DB /* Zip in Frameworks */ = {isa = PBXBuildFile; productRef = 9E9E1C892D7E6DEF000EC8DB /* Zip */; };
		9E9E1C8C2D7E6ED5000EC8DB /* BackupViewController.swift in Sources */ = {isa = PBXBuildFile; fileRef = 9E9E1C8B2D7E6ED5000EC8DB /* BackupViewController.swift */; };
/* End PBXBuildFile section */

/* Begin PBXCopyFilesBuildPhase section */
		9E7FC0FC2D768EB700CEF423 /* Embed Frameworks */ = {
			isa = PBXCopyFilesBuildPhase;
			buildActionMask = 2147483647;
			dstPath = "";
			dstSubfolderSpec = 10;
			files = (
				9E7FC0FB2D768EB700CEF423 /* RealmSwift in Embed Frameworks */,
			);
			name = "Embed Frameworks";
			runOnlyForDeploymentPostprocessing = 0;
		};
/* End PBXCopyFilesBuildPhase section */

/* Begin PBXFileReference section */
		9E7FC0AB2D768CA100CEF423 /* SeSAC_Database.app */ = {isa = PBXFileReference; explicitFileType = wrapper.application; includeInIndex = 0; path = SeSAC_Database.app; sourceTree = BUILT_PRODUCTS_DIR; };
		9E7FC0C32D768CB500CEF423 /* AppDelegate.swift */ = {isa = PBXFileReference; lastKnownFileType = sourcecode.swift; path = AppDelegate.swift; sourceTree = "<group>"; };
		9E7FC0C42D768CB500CEF423 /* Assets.xcassets */ = {isa = PBXFileReference; lastKnownFileType = folder.assetcatalog; path = Assets.xcassets; sourceTree = "<group>"; };
		9E7FC0C52D768CB500CEF423 /* Info.plist */ = {isa = PBXFileReference; lastKnownFileType = text.plist.xml; path = Info.plist; sourceTree = "<group>"; };
		9E7FC0C62D768CB500CEF423 /* Base */ = {isa = PBXFileReference; lastKnownFileType = file.storyboard; name = Base; path = Base.lproj/LaunchScreen.storyboard; sourceTree = "<group>"; };
		9E7FC0CA2D768CB500CEF423 /* SceneDelegate.swift */ = {isa = PBXFileReference; lastKnownFileType = sourcecode.swift; path = SceneDelegate.swift; sourceTree = "<group>"; };
		9E7FC0CB2D768CB500CEF423 /* ViewController.swift */ = {isa = PBXFileReference; lastKnownFileType = sourcecode.swift; path = ViewController.swift; sourceTree = "<group>"; };
		9E7FC0D52D768CC900CEF423 /* AddViewController.swift */ = {isa = PBXFileReference; lastKnownFileType = sourcecode.swift; path = AddViewController.swift; sourceTree = "<group>"; };
		9E7FC0D62D768CC900CEF423 /* ListTableViewCell.swift */ = {isa = PBXFileReference; lastKnownFileType = sourcecode.swift; path = ListTableViewCell.swift; sourceTree = "<group>"; };
		9E7FC0D72D768CC900CEF423 /* MainViewController.swift */ = {isa = PBXFileReference; lastKnownFileType = sourcecode.swift; path = MainViewController.swift; sourceTree = "<group>"; };
		9E7FC0D82D768CC900CEF423 /* Reusable.swift */ = {isa = PBXFileReference; lastKnownFileType = sourcecode.swift; path = Reusable.swift; sourceTree = "<group>"; };
		9E7FC0FE2D7694DC00CEF423 /* RealmModel.swift */ = {isa = PBXFileReference; lastKnownFileType = sourcecode.swift; path = RealmModel.swift; sourceTree = "<group>"; };
		9E7FC1442D77D71500CEF423 /* JackTableRepository.swift */ = {isa = PBXFileReference; lastKnownFileType = sourcecode.swift; path = JackTableRepository.swift; sourceTree = "<group>"; };
		9E7FC1462D77E56000CEF423 /* Folder.swift */ = {isa = PBXFileReference; lastKnownFileType = sourcecode.swift; path = Folder.swift; sourceTree = "<group>"; };
		9E7FC1482D77E84200CEF423 /* FolderRepository.swift */ = {isa = PBXFileReference; lastKnownFileType = sourcecode.swift; path = FolderRepository.swift; sourceTree = "<group>"; };
		9E7FC14A2D77EF2F00CEF423 /* FolderViewController.swift */ = {isa = PBXFileReference; lastKnownFileType = sourcecode.swift; path = FolderViewController.swift; sourceTree = "<group>"; };
		9E7FC14C2D77F81100CEF423 /* FolderDetailViewController.swift */ = {isa = PBXFileReference; lastKnownFileType = sourcecode.swift; path = FolderDetailViewController.swift; sourceTree = "<group>"; };
		9E7FC1EB2D7A863A00CEF423 /* UIViewController+Extension.swift */ = {isa = PBXFileReference; lastKnownFileType = sourcecode.swift; path = "UIViewController+Extension.swift"; sourceTree = "<group>"; };
		9E9E1C8B2D7E6ED5000EC8DB /* BackupViewController.swift */ = {isa = PBXFileReference; lastKnownFileType = sourcecode.swift; path = BackupViewController.swift; sourceTree = "<group>"; };
/* End PBXFileReference section */

/* Begin PBXFrameworksBuildPhase section */
		9E7FC0A82D768CA100CEF423 /* Frameworks */ = {
			isa = PBXFrameworksBuildPhase;
			buildActionMask = 2147483647;
			files = (
				9E7FC0FA2D768DCB00CEF423 /* RealmSwift in Frameworks */,
				9E7FC1EA2D7A732300CEF423 /* FSCalendar in Frameworks */,
				9E9E1C8A2D7E6DEF000EC8DB /* Zip in Frameworks */,
				9E7FC0F72D768D0C00CEF423 /* SnapKit in Frameworks */,
			);
			runOnlyForDeploymentPostprocessing = 0;
		};
/* End PBXFrameworksBuildPhase section */

/* Begin PBXGroup section */
		9E7FC0A22D768CA100CEF423 = {
			isa = PBXGroup;
			children = (
				9E7FC0CC2D768CB500CEF423 /* SeSAC_Database */,
				9E7FC0AC2D768CA100CEF423 /* Products */,
			);
			sourceTree = "<group>";
		};
		9E7FC0AC2D768CA100CEF423 /* Products */ = {
			isa = PBXGroup;
			children = (
				9E7FC0AB2D768CA100CEF423 /* SeSAC_Database.app */,
			);
			name = Products;
			sourceTree = "<group>";
		};
		9E7FC0CC2D768CB500CEF423 /* SeSAC_Database */ = {
			isa = PBXGroup;
			children = (
				9E7FC0FD2D7694CE00CEF423 /* Realm */,
				9E7FC0D42D768CB900CEF423 /* Database */,
				9E7FC0C32D768CB500CEF423 /* AppDelegate.swift */,
				9E7FC0C42D768CB500CEF423 /* Assets.xcassets */,
				9E7FC0C52D768CB500CEF423 /* Info.plist */,
				9E7FC0C72D768CB500CEF423 /* LaunchScreen.storyboard */,
				9E9E1C8B2D7E6ED5000EC8DB /* BackupViewController.swift */,
				9E7FC0CA2D768CB500CEF423 /* SceneDelegate.swift */,
				9E7FC0CB2D768CB500CEF423 /* ViewController.swift */,
				9E7FC1EB2D7A863A00CEF423 /* UIViewController+Extension.swift */,
			);
			path = SeSAC_Database;
			sourceTree = "<group>";
		};
		9E7FC0D42D768CB900CEF423 /* Database */ = {
			isa = PBXGroup;
			children = (
				9E7FC0D52D768CC900CEF423 /* AddViewController.swift */,
				9E7FC0D62D768CC900CEF423 /* ListTableViewCell.swift */,
				9E7FC0D72D768CC900CEF423 /* MainViewController.swift */,
				9E7FC0D82D768CC900CEF423 /* Reusable.swift */,
				9E7FC14A2D77EF2F00CEF423 /* FolderViewController.swift */,
				9E7FC14C2D77F81100CEF423 /* FolderDetailViewController.swift */,
			);
			path = Database;
			sourceTree = "<group>";
		};
		9E7FC0FD2D7694CE00CEF423 /* Realm */ = {
			isa = PBXGroup;
			children = (
				9E7FC1442D77D71500CEF423 /* JackTableRepository.swift */,
				9E7FC0FE2D7694DC00CEF423 /* RealmModel.swift */,
				9E7FC1462D77E56000CEF423 /* Folder.swift */,
				9E7FC1482D77E84200CEF423 /* FolderRepository.swift */,
			);
			path = Realm;
			sourceTree = "<group>";
		};
/* End PBXGroup section */

/* Begin PBXNativeTarget section */
		9E7FC0AA2D768CA100CEF423 /* SeSAC_Database */ = {
			isa = PBXNativeTarget;
			buildConfigurationList = 9E7FC0BE2D768CA300CEF423 /* Build configuration list for PBXNativeTarget "SeSAC_Database" */;
			buildPhases = (
				9E7FC0A72D768CA100CEF423 /* Sources */,
				9E7FC0A82D768CA100CEF423 /* Frameworks */,
				9E7FC0A92D768CA100CEF423 /* Resources */,
				9E7FC0FC2D768EB700CEF423 /* Embed Frameworks */,
			);
			buildRules = (
			);
			dependencies = (
			);
			name = SeSAC_Database;
			packageProductDependencies = (
				9E7FC0F62D768D0C00CEF423 /* SnapKit */,
				9E7FC0F92D768DCB00CEF423 /* RealmSwift */,
				9E7FC1E92D7A732300CEF423 /* FSCalendar */,
				9E9E1C892D7E6DEF000EC8DB /* Zip */,
			);
			productName = SeSAC_Database;
			productReference = 9E7FC0AB2D768CA100CEF423 /* SeSAC_Database.app */;
			productType = "com.apple.product-type.application";
		};
/* End PBXNativeTarget section */

/* Begin PBXProject section */
		9E7FC0A32D768CA100CEF423 /* Project object */ = {
			isa = PBXProject;
			attributes = {
				BuildIndependentTargetsInParallel = 1;
				LastSwiftUpdateCheck = 1610;
				LastUpgradeCheck = 1610;
				TargetAttributes = {
					9E7FC0AA2D768CA100CEF423 = {
						CreatedOnToolsVersion = 16.1;
					};
				};
			};
			buildConfigurationList = 9E7FC0A62D768CA100CEF423 /* Build configuration list for PBXProject "SeSAC_Database" */;
			developmentRegion = en;
			hasScannedForEncodings = 0;
			knownRegions = (
				en,
				Base,
			);
			mainGroup = 9E7FC0A22D768CA100CEF423;
			minimizedProjectReferenceProxies = 1;
			packageReferences = (
				9E7FC0F52D768D0C00CEF423 /* XCRemoteSwiftPackageReference "SnapKit" */,
				9E7FC0F82D768DCB00CEF423 /* XCRemoteSwiftPackageReference "realm-swift" */,
				9E7FC1E82D7A732300CEF423 /* XCRemoteSwiftPackageReference "FSCalendar" */,
				9E9E1C882D7E6DEF000EC8DB /* XCRemoteSwiftPackageReference "Zip" */,
			);
			preferredProjectObjectVersion = 77;
			productRefGroup = 9E7FC0AC2D768CA100CEF423 /* Products */;
			projectDirPath = "";
			projectRoot = "";
			targets = (
				9E7FC0AA2D768CA100CEF423 /* SeSAC_Database */,
			);
		};
/* End PBXProject section */

/* Begin PBXResourcesBuildPhase section */
		9E7FC0A92D768CA100CEF423 /* Resources */ = {
			isa = PBXResourcesBuildPhase;
			buildActionMask = 2147483647;
			files = (
				9E7FC0CD2D768CB500CEF423 /* Assets.xcassets in Resources */,
				9E7FC0CF2D768CB500CEF423 /* LaunchScreen.storyboard in Resources */,
			);
			runOnlyForDeploymentPostprocessing = 0;
		};
/* End PBXResourcesBuildPhase section */

/* Begin PBXSourcesBuildPhase section */
		9E7FC0A72D768CA100CEF423 /* Sources */ = {
			isa = PBXSourcesBuildPhase;
			buildActionMask = 2147483647;
			files = (
				9E7FC0D12D768CB500CEF423 /* AppDelegate.swift in Sources */,
				9E7FC1472D77E56000CEF423 /* Folder.swift in Sources */,
				9E7FC0D22D768CB500CEF423 /* SceneDelegate.swift in Sources */,
				9E7FC0D92D768CC900CEF423 /* Reusable.swift in Sources */,
				9E7FC1EC2D7A863A00CEF423 /* UIViewController+Extension.swift in Sources */,
				9E7FC0DA2D768CC900CEF423 /* ListTableViewCell.swift in Sources */,
				9E7FC0DB2D768CC900CEF423 /* AddViewController.swift in Sources */,
				9E7FC1452D77D71500CEF423 /* JackTableRepository.swift in Sources */,
				9E7FC14D2D77F81100CEF423 /* FolderDetailViewController.swift in Sources */,
				9E7FC0FF2D7694DC00CEF423 /* RealmModel.swift in Sources */,
				9E7FC14B2D77EF2F00CEF423 /* FolderViewController.swift in Sources */,
				9E9E1C8C2D7E6ED5000EC8DB /* BackupViewController.swift in Sources */,
				9E7FC1492D77E84200CEF423 /* FolderRepository.swift in Sources */,
				9E7FC0DC2D768CC900CEF423 /* MainViewController.swift in Sources */,
				9E7FC0D32D768CB500CEF423 /* ViewController.swift in Sources */,
			);
			runOnlyForDeploymentPostprocessing = 0;
		};
/* End PBXSourcesBuildPhase section */

/* Begin PBXVariantGroup section */
		9E7FC0C72D768CB500CEF423 /* LaunchScreen.storyboard */ = {
			isa = PBXVariantGroup;
			children = (
				9E7FC0C62D768CB500CEF423 /* Base */,
			);
			name = LaunchScreen.storyboard;
			sourceTree = "<group>";
		};
/* End PBXVariantGroup section */

/* Begin XCBuildConfiguration section */
		9E7FC0BF2D768CA300CEF423 /* Debug */ = {
			isa = XCBuildConfiguration;
			buildSettings = {
				ASSETCATALOG_COMPILER_APPICON_NAME = AppIcon;
				ASSETCATALOG_COMPILER_GLOBAL_ACCENT_COLOR_NAME = AccentColor;
				CODE_SIGN_STYLE = Automatic;
				CURRENT_PROJECT_VERSION = 1;
				DEVELOPMENT_TEAM = A95XXD5WT7;
				GENERATE_INFOPLIST_FILE = YES;
				INFOPLIST_FILE = SeSAC_Database/Info.plist;
				INFOPLIST_KEY_UIApplicationSupportsIndirectInputEvents = YES;
				INFOPLIST_KEY_UILaunchStoryboardName = LaunchScreen;
				INFOPLIST_KEY_UISupportedInterfaceOrientations_iPad = "UIInterfaceOrientationPortrait UIInterfaceOrientationPortraitUpsideDown UIInterfaceOrientationLandscapeLeft UIInterfaceOrientationLandscapeRight";
				INFOPLIST_KEY_UISupportedInterfaceOrientations_iPhone = "UIInterfaceOrientationPortrait UIInterfaceOrientationLandscapeLeft UIInterfaceOrientationLandscapeRight";
				LD_RUNPATH_SEARCH_PATHS = (
					"$(inherited)",
					"@executable_path/Frameworks",
				);
				MARKETING_VERSION = 1.0;
				PRODUCT_BUNDLE_IDENTIFIER = "com.psy.SeSAC-Database";
				PRODUCT_NAME = "$(TARGET_NAME)";
				SUPPORTED_PLATFORMS = "iphoneos iphonesimulator";
				SUPPORTS_MACCATALYST = NO;
				SUPPORTS_MAC_DESIGNED_FOR_IPHONE_IPAD = NO;
				SUPPORTS_XR_DESIGNED_FOR_IPHONE_IPAD = NO;
				SWIFT_EMIT_LOC_STRINGS = YES;
				SWIFT_VERSION = 5.0;
				TARGETED_DEVICE_FAMILY = 1;
			};
			name = Debug;
		};
		9E7FC0C02D768CA300CEF423 /* Release */ = {
			isa = XCBuildConfiguration;
			buildSettings = {
				ASSETCATALOG_COMPILER_APPICON_NAME = AppIcon;
				ASSETCATALOG_COMPILER_GLOBAL_ACCENT_COLOR_NAME = AccentColor;
				CODE_SIGN_STYLE = Automatic;
				CURRENT_PROJECT_VERSION = 1;
				DEVELOPMENT_TEAM = A95XXD5WT7;
				GENERATE_INFOPLIST_FILE = YES;
				INFOPLIST_FILE = SeSAC_Database/Info.plist;
				INFOPLIST_KEY_UIApplicationSupportsIndirectInputEvents = YES;
				INFOPLIST_KEY_UILaunchStoryboardName = LaunchScreen;
				INFOPLIST_KEY_UISupportedInterfaceOrientations_iPad = "UIInterfaceOrientationPortrait UIInterfaceOrientationPortraitUpsideDown UIInterfaceOrientationLandscapeLeft UIInterfaceOrientationLandscapeRight";
				INFOPLIST_KEY_UISupportedInterfaceOrientations_iPhone = "UIInterfaceOrientationPortrait UIInterfaceOrientationLandscapeLeft UIInterfaceOrientationLandscapeRight";
				LD_RUNPATH_SEARCH_PATHS = (
					"$(inherited)",
					"@executable_path/Frameworks",
				);
				MARKETING_VERSION = 1.0;
				PRODUCT_BUNDLE_IDENTIFIER = "com.psy.SeSAC-Database";
				PRODUCT_NAME = "$(TARGET_NAME)";
				SUPPORTED_PLATFORMS = "iphoneos iphonesimulator";
				SUPPORTS_MACCATALYST = NO;
				SUPPORTS_MAC_DESIGNED_FOR_IPHONE_IPAD = NO;
				SUPPORTS_XR_DESIGNED_FOR_IPHONE_IPAD = NO;
				SWIFT_EMIT_LOC_STRINGS = YES;
				SWIFT_VERSION = 5.0;
				TARGETED_DEVICE_FAMILY = 1;
			};
			name = Release;
		};
		9E7FC0C12D768CA300CEF423 /* Debug */ = {
			isa = XCBuildConfiguration;
			buildSettings = {
				ALWAYS_SEARCH_USER_PATHS = NO;
				ASSETCATALOG_COMPILER_GENERATE_SWIFT_ASSET_SYMBOL_EXTENSIONS = YES;
				CLANG_ANALYZER_NONNULL = YES;
				CLANG_ANALYZER_NUMBER_OBJECT_CONVERSION = YES_AGGRESSIVE;
				CLANG_CXX_LANGUAGE_STANDARD = "gnu++20";
				CLANG_ENABLE_MODULES = YES;
				CLANG_ENABLE_OBJC_ARC = YES;
				CLANG_ENABLE_OBJC_WEAK = YES;
				CLANG_WARN_BLOCK_CAPTURE_AUTORELEASING = YES;
				CLANG_WARN_BOOL_CONVERSION = YES;
				CLANG_WARN_COMMA = YES;
				CLANG_WARN_CONSTANT_CONVERSION = YES;
				CLANG_WARN_DEPRECATED_OBJC_IMPLEMENTATIONS = YES;
				CLANG_WARN_DIRECT_OBJC_ISA_USAGE = YES_ERROR;
				CLANG_WARN_DOCUMENTATION_COMMENTS = YES;
				CLANG_WARN_EMPTY_BODY = YES;
				CLANG_WARN_ENUM_CONVERSION = YES;
				CLANG_WARN_INFINITE_RECURSION = YES;
				CLANG_WARN_INT_CONVERSION = YES;
				CLANG_WARN_NON_LITERAL_NULL_CONVERSION = YES;
				CLANG_WARN_OBJC_IMPLICIT_RETAIN_SELF = YES;
				CLANG_WARN_OBJC_LITERAL_CONVERSION = YES;
				CLANG_WARN_OBJC_ROOT_CLASS = YES_ERROR;
				CLANG_WARN_QUOTED_INCLUDE_IN_FRAMEWORK_HEADER = YES;
				CLANG_WARN_RANGE_LOOP_ANALYSIS = YES;
				CLANG_WARN_STRICT_PROTOTYPES = YES;
				CLANG_WARN_SUSPICIOUS_MOVE = YES;
				CLANG_WARN_UNGUARDED_AVAILABILITY = YES_AGGRESSIVE;
				CLANG_WARN_UNREACHABLE_CODE = YES;
				CLANG_WARN__DUPLICATE_METHOD_MATCH = YES;
				COPY_PHASE_STRIP = NO;
				DEBUG_INFORMATION_FORMAT = dwarf;
				ENABLE_STRICT_OBJC_MSGSEND = YES;
				ENABLE_TESTABILITY = YES;
				ENABLE_USER_SCRIPT_SANDBOXING = YES;
				GCC_C_LANGUAGE_STANDARD = gnu17;
				GCC_DYNAMIC_NO_PIC = NO;
				GCC_NO_COMMON_BLOCKS = YES;
				GCC_OPTIMIZATION_LEVEL = 0;
				GCC_PREPROCESSOR_DEFINITIONS = (
					"DEBUG=1",
					"$(inherited)",
				);
				GCC_WARN_64_TO_32_BIT_CONVERSION = YES;
				GCC_WARN_ABOUT_RETURN_TYPE = YES_ERROR;
				GCC_WARN_UNDECLARED_SELECTOR = YES;
				GCC_WARN_UNINITIALIZED_AUTOS = YES_AGGRESSIVE;
				GCC_WARN_UNUSED_FUNCTION = YES;
				GCC_WARN_UNUSED_VARIABLE = YES;
				IPHONEOS_DEPLOYMENT_TARGET = 18.1;
				LOCALIZATION_PREFERS_STRING_CATALOGS = YES;
				MTL_ENABLE_DEBUG_INFO = INCLUDE_SOURCE;
				MTL_FAST_MATH = YES;
				ONLY_ACTIVE_ARCH = YES;
				SDKROOT = iphoneos;
				SWIFT_ACTIVE_COMPILATION_CONDITIONS = "DEBUG $(inherited)";
				SWIFT_OPTIMIZATION_LEVEL = "-Onone";
			};
			name = Debug;
		};
		9E7FC0C22D768CA300CEF423 /* Release */ = {
			isa = XCBuildConfiguration;
			buildSettings = {
				ALWAYS_SEARCH_USER_PATHS = NO;
				ASSETCATALOG_COMPILER_GENERATE_SWIFT_ASSET_SYMBOL_EXTENSIONS = YES;
				CLANG_ANALYZER_NONNULL = YES;
				CLANG_ANALYZER_NUMBER_OBJECT_CONVERSION = YES_AGGRESSIVE;
				CLANG_CXX_LANGUAGE_STANDARD = "gnu++20";
				CLANG_ENABLE_MODULES = YES;
				CLANG_ENABLE_OBJC_ARC = YES;
				CLANG_ENABLE_OBJC_WEAK = YES;
				CLANG_WARN_BLOCK_CAPTURE_AUTORELEASING = YES;
				CLANG_WARN_BOOL_CONVERSION = YES;
				CLANG_WARN_COMMA = YES;
				CLANG_WARN_CONSTANT_CONVERSION = YES;
				CLANG_WARN_DEPRECATED_OBJC_IMPLEMENTATIONS = YES;
				CLANG_WARN_DIRECT_OBJC_ISA_USAGE = YES_ERROR;
				CLANG_WARN_DOCUMENTATION_COMMENTS = YES;
				CLANG_WARN_EMPTY_BODY = YES;
				CLANG_WARN_ENUM_CONVERSION = YES;
				CLANG_WARN_INFINITE_RECURSION = YES;
				CLANG_WARN_INT_CONVERSION = YES;
				CLANG_WARN_NON_LITERAL_NULL_CONVERSION = YES;
				CLANG_WARN_OBJC_IMPLICIT_RETAIN_SELF = YES;
				CLANG_WARN_OBJC_LITERAL_CONVERSION = YES;
				CLANG_WARN_OBJC_ROOT_CLASS = YES_ERROR;
				CLANG_WARN_QUOTED_INCLUDE_IN_FRAMEWORK_HEADER = YES;
				CLANG_WARN_RANGE_LOOP_ANALYSIS = YES;
				CLANG_WARN_STRICT_PROTOTYPES = YES;
				CLANG_WARN_SUSPICIOUS_MOVE = YES;
				CLANG_WARN_UNGUARDED_AVAILABILITY = YES_AGGRESSIVE;
				CLANG_WARN_UNREACHABLE_CODE = YES;
				CLANG_WARN__DUPLICATE_METHOD_MATCH = YES;
				COPY_PHASE_STRIP = NO;
				DEBUG_INFORMATION_FORMAT = "dwarf-with-dsym";
				ENABLE_NS_ASSERTIONS = NO;
				ENABLE_STRICT_OBJC_MSGSEND = YES;
				ENABLE_USER_SCRIPT_SANDBOXING = YES;
				GCC_C_LANGUAGE_STANDARD = gnu17;
				GCC_NO_COMMON_BLOCKS = YES;
				GCC_WARN_64_TO_32_BIT_CONVERSION = YES;
				GCC_WARN_ABOUT_RETURN_TYPE = YES_ERROR;
				GCC_WARN_UNDECLARED_SELECTOR = YES;
				GCC_WARN_UNINITIALIZED_AUTOS = YES_AGGRESSIVE;
				GCC_WARN_UNUSED_FUNCTION = YES;
				GCC_WARN_UNUSED_VARIABLE = YES;
				IPHONEOS_DEPLOYMENT_TARGET = 18.1;
				LOCALIZATION_PREFERS_STRING_CATALOGS = YES;
				MTL_ENABLE_DEBUG_INFO = NO;
				MTL_FAST_MATH = YES;
				SDKROOT = iphoneos;
				SWIFT_COMPILATION_MODE = wholemodule;
				VALIDATE_PRODUCT = YES;
			};
			name = Release;
		};
/* End XCBuildConfiguration section */

/* Begin XCConfigurationList section */
		9E7FC0A62D768CA100CEF423 /* Build configuration list for PBXProject "SeSAC_Database" */ = {
			isa = XCConfigurationList;
			buildConfigurations = (
				9E7FC0C12D768CA300CEF423 /* Debug */,
				9E7FC0C22D768CA300CEF423 /* Release */,
			);
			defaultConfigurationIsVisible = 0;
			defaultConfigurationName = Release;
		};
		9E7FC0BE2D768CA300CEF423 /* Build configuration list for PBXNativeTarget "SeSAC_Database" */ = {
			isa = XCConfigurationList;
			buildConfigurations = (
				9E7FC0BF2D768CA300CEF423 /* Debug */,
				9E7FC0C02D768CA300CEF423 /* Release */,
			);
			defaultConfigurationIsVisible = 0;
			defaultConfigurationName = Release;
		};
/* End XCConfigurationList section */

/* Begin XCRemoteSwiftPackageReference section */
		9E7FC0F52D768D0C00CEF423 /* XCRemoteSwiftPackageReference "SnapKit" */ = {
			isa = XCRemoteSwiftPackageReference;
			repositoryURL = "https://github.com/SnapKit/SnapKit.git";
			requirement = {
				kind = upToNextMajorVersion;
				minimumVersion = 5.7.1;
			};
		};
		9E7FC0F82D768DCB00CEF423 /* XCRemoteSwiftPackageReference "realm-swift" */ = {
			isa = XCRemoteSwiftPackageReference;
			repositoryURL = "https://github.com/realm/realm-swift.git";
			requirement = {
				branch = master;
				kind = branch;
			};
		};
		9E7FC1E82D7A732300CEF423 /* XCRemoteSwiftPackageReference "FSCalendar" */ = {
			isa = XCRemoteSwiftPackageReference;
			repositoryURL = "https://github.com/WenchaoD/FSCalendar";
			requirement = {
				kind = upToNextMajorVersion;
				minimumVersion = 2.8.4;
			};
		};
		9E9E1C882D7E6DEF000EC8DB /* XCRemoteSwiftPackageReference "Zip" */ = {
			isa = XCRemoteSwiftPackageReference;
			repositoryURL = "https://github.com/marmelroy/Zip.git";
			requirement = {
				kind = upToNextMajorVersion;
				minimumVersion = 2.1.2;
			};
		};
/* End XCRemoteSwiftPackageReference section */

/* Begin XCSwiftPackageProductDependency section */
		9E7FC0F62D768D0C00CEF423 /* SnapKit */ = {
			isa = XCSwiftPackageProductDependency;
			package = 9E7FC0F52D768D0C00CEF423 /* XCRemoteSwiftPackageReference "SnapKit" */;
			productName = SnapKit;
		};
		9E7FC0F92D768DCB00CEF423 /* RealmSwift */ = {
			isa = XCSwiftPackageProductDependency;
			package = 9E7FC0F82D768DCB00CEF423 /* XCRemoteSwiftPackageReference "realm-swift" */;
			productName = RealmSwift;
		};
		9E7FC1E92D7A732300CEF423 /* FSCalendar */ = {
			isa = XCSwiftPackageProductDependency;
			package = 9E7FC1E82D7A732300CEF423 /* XCRemoteSwiftPackageReference "FSCalendar" */;
			productName = FSCalendar;
		};
		9E9E1C892D7E6DEF000EC8DB /* Zip */ = {
			isa = XCSwiftPackageProductDependency;
			package = 9E9E1C882D7E6DEF000EC8DB /* XCRemoteSwiftPackageReference "Zip" */;
			productName = Zip;
		};
/* End XCSwiftPackageProductDependency section */
	};
	rootObject = 9E7FC0A32D768CA100CEF423 /* Project object */;
}
