// !$*UTF8*$!
{
	archiveVersion = 1;
	classes = {
	};
	objectVersion = 77;
	objects = {

/* Begin PBXBuildFile section */
		9E6F7E962D9CCC40009F24FC /* FirebaseAnalyticsWithoutAdIdSupport in Frameworks */ = {isa = PBXBuildFile; productRef = 9E6F7E952D9CCC40009F24FC /* FirebaseAnalyticsWithoutAdIdSupport */; };
		9E6F7E982D9CCC40009F24FC /* FirebaseCrashlytics in Frameworks */ = {isa = PBXBuildFile; productRef = 9E6F7E972D9CCC40009F24FC /* FirebaseCrashlytics */; };
		9E6F7E9A2D9CCC40009F24FC /* FirebaseMessaging in Frameworks */ = {isa = PBXBuildFile; productRef = 9E6F7E992D9CCC40009F24FC /* FirebaseMessaging */; };
		9E6F7E9D2D9CCC54009F24FC /* SnapKit in Frameworks */ = {isa = PBXBuildFile; productRef = 9E6F7E9C2D9CCC54009F24FC /* SnapKit */; };
		9E7F11A42DA3537D00693A4E /* WidgetKit.framework in Frameworks */ = {isa = PBXBuildFile; fileRef = 9E7F11A32DA3537D00693A4E /* WidgetKit.framework */; };
		9E7F11A62DA3537D00693A4E /* SwiftUI.framework in Frameworks */ = {isa = PBXBuildFile; fileRef = 9E7F11A52DA3537D00693A4E /* SwiftUI.framework */; };
		9E7F11B72DA3537F00693A4E /* JackWidgetExtensionExtension.appex in Embed Foundation Extensions */ = {isa = PBXBuildFile; fileRef = 9E7F11A12DA3537D00693A4E /* JackWidgetExtensionExtension.appex */; settings = {ATTRIBUTES = (RemoveHeadersOnCopy, ); }; };
/* End PBXBuildFile section */

/* Begin PBXContainerItemProxy section */
		9E6F7EA82D9CE5AA009F24FC /* PBXContainerItemProxy */ = {
			isa = PBXContainerItemProxy;
			containerPortal = 9E4D69BD2D8A68BA001BB449 /* Project object */;
			proxyType = 1;
			remoteGlobalIDString = 9E4D69C42D8A68BA001BB449;
			remoteInfo = SeSACLaunchProject;
		};
		9E6F7EB52D9CE5D5009F24FC /* PBXContainerItemProxy */ = {
			isa = PBXContainerItemProxy;
			containerPortal = 9E4D69BD2D8A68BA001BB449 /* Project object */;
			proxyType = 1;
			remoteGlobalIDString = 9E4D69C42D8A68BA001BB449;
			remoteInfo = SeSACLaunchProject;
		};
		9E7F11B52DA3537F00693A4E /* PBXContainerItemProxy */ = {
			isa = PBXContainerItemProxy;
			containerPortal = 9E4D69BD2D8A68BA001BB449 /* Project object */;
			proxyType = 1;
			remoteGlobalIDString = 9E7F11A02DA3537D00693A4E;
			remoteInfo = JackWidgetExtensionExtension;
		};
/* End PBXContainerItemProxy section */

/* Begin PBXCopyFilesBuildPhase section */
		9E7F11B82DA3537F00693A4E /* Embed Foundation Extensions */ = {
			isa = PBXCopyFilesBuildPhase;
			buildActionMask = 2147483647;
			dstPath = "";
			dstSubfolderSpec = 13;
			files = (
				9E7F11B72DA3537F00693A4E /* JackWidgetExtensionExtension.appex in Embed Foundation Extensions */,
			);
			name = "Embed Foundation Extensions";
			runOnlyForDeploymentPostprocessing = 0;
		};
/* End PBXCopyFilesBuildPhase section */

/* Begin PBXFileReference section */
		9E4D69C52D8A68BA001BB449 /* SeSACLaunchProject.app */ = {isa = PBXFileReference; explicitFileType = wrapper.application; includeInIndex = 0; path = SeSACLaunchProject.app; sourceTree = BUILT_PRODUCTS_DIR; };
		9E6F7EA22D9CE5AA009F24FC /* SeSACLaunchProjectUITests.xctest */ = {isa = PBXFileReference; explicitFileType = wrapper.cfbundle; includeInIndex = 0; path = SeSACLaunchProjectUITests.xctest; sourceTree = BUILT_PRODUCTS_DIR; };
		9E6F7EB12D9CE5D5009F24FC /* SeSACLaunchProjectTests.xctest */ = {isa = PBXFileReference; explicitFileType = wrapper.cfbundle; includeInIndex = 0; path = SeSACLaunchProjectTests.xctest; sourceTree = BUILT_PRODUCTS_DIR; };
		9E7F11A12DA3537D00693A4E /* JackWidgetExtensionExtension.appex */ = {isa = PBXFileReference; explicitFileType = "wrapper.app-extension"; includeInIndex = 0; path = JackWidgetExtensionExtension.appex; sourceTree = BUILT_PRODUCTS_DIR; };
		9E7F11A32DA3537D00693A4E /* WidgetKit.framework */ = {isa = PBXFileReference; lastKnownFileType = wrapper.framework; name = WidgetKit.framework; path = System/Library/Frameworks/WidgetKit.framework; sourceTree = SDKROOT; };
		9E7F11A52DA3537D00693A4E /* SwiftUI.framework */ = {isa = PBXFileReference; lastKnownFileType = wrapper.framework; name = SwiftUI.framework; path = System/Library/Frameworks/SwiftUI.framework; sourceTree = SDKROOT; };
/* End PBXFileReference section */

/* Begin PBXFileSystemSynchronizedBuildFileExceptionSet section */
		9E4D69D72D8A68BC001BB449 /* Exceptions for "SeSACLaunchProject" folder in "SeSACLaunchProject" target */ = {
			isa = PBXFileSystemSynchronizedBuildFileExceptionSet;
			membershipExceptions = (
				Info.plist,
			);
			target = 9E4D69C42D8A68BA001BB449 /* SeSACLaunchProject */;
		};
		9E6F7EC22D9CE6F6009F24FC /* Exceptions for "SeSACLaunchProject" folder in "SeSACLaunchProjectTests" target */ = {
			isa = PBXFileSystemSynchronizedBuildFileExceptionSet;
			membershipExceptions = (
				TestExample/Jack.swift,
				TestExample/LoginViewController.swift,
				TestExample/Validator.swift,
			);
			target = 9E6F7EB02D9CE5D5009F24FC /* SeSACLaunchProjectTests */;
		};
		9E7F11BC2DA3537F00693A4E /* Exceptions for "JackWidgetExtension" folder in "JackWidgetExtensionExtension" target */ = {
			isa = PBXFileSystemSynchronizedBuildFileExceptionSet;
			membershipExceptions = (
				Info.plist,
			);
			target = 9E7F11A02DA3537D00693A4E /* JackWidgetExtensionExtension */;
		};
		9E7F11CA2DA35D9A00693A4E /* Exceptions for "SeSACLaunchProjectUITests" folder in "SeSACLaunchProject" target */ = {
			isa = PBXFileSystemSynchronizedBuildFileExceptionSet;
			membershipExceptions = (
				LoginValidationTest.swift,
				UpgradeValidationTest.swift,
			);
			target = 9E4D69C42D8A68BA001BB449 /* SeSACLaunchProject */;
		};
/* End PBXFileSystemSynchronizedBuildFileExceptionSet section */

/* Begin PBXFileSystemSynchronizedRootGroup section */
		9E4D69C72D8A68BA001BB449 /* SeSACLaunchProject */ = {
			isa = PBXFileSystemSynchronizedRootGroup;
			exceptions = (
				9E4D69D72D8A68BC001BB449 /* Exceptions for "SeSACLaunchProject" folder in "SeSACLaunchProject" target */,
				9E6F7EC22D9CE6F6009F24FC /* Exceptions for "SeSACLaunchProject" folder in "SeSACLaunchProjectTests" target */,
			);
			path = SeSACLaunchProject;
			sourceTree = "<group>";
		};
		9E6F7EA32D9CE5AA009F24FC /* SeSACLaunchProjectUITests */ = {
			isa = PBXFileSystemSynchronizedRootGroup;
			exceptions = (
				9E7F11CA2DA35D9A00693A4E /* Exceptions for "SeSACLaunchProjectUITests" folder in "SeSACLaunchProject" target */,
			);
			path = SeSACLaunchProjectUITests;
			sourceTree = "<group>";
		};
		9E6F7EB22D9CE5D5009F24FC /* SeSACLaunchProjectTests */ = {
			isa = PBXFileSystemSynchronizedRootGroup;
			path = SeSACLaunchProjectTests;
			sourceTree = "<group>";
		};
		9E7F11A72DA3537D00693A4E /* JackWidgetExtension */ = {
			isa = PBXFileSystemSynchronizedRootGroup;
			exceptions = (
				9E7F11BC2DA3537F00693A4E /* Exceptions for "JackWidgetExtension" folder in "JackWidgetExtensionExtension" target */,
			);
			path = JackWidgetExtension;
			sourceTree = "<group>";
		};
/* End PBXFileSystemSynchronizedRootGroup section */

/* Begin PBXFrameworksBuildPhase section */
		9E4D69C22D8A68BA001BB449 /* Frameworks */ = {
			isa = PBXFrameworksBuildPhase;
			buildActionMask = 2147483647;
			files = (
				9E6F7E9A2D9CCC40009F24FC /* FirebaseMessaging in Frameworks */,
				9E6F7E9D2D9CCC54009F24FC /* SnapKit in Frameworks */,
				9E6F7E962D9CCC40009F24FC /* FirebaseAnalyticsWithoutAdIdSupport in Frameworks */,
				9E6F7E982D9CCC40009F24FC /* FirebaseCrashlytics in Frameworks */,
			);
			runOnlyForDeploymentPostprocessing = 0;
		};
		9E6F7E9F2D9CE5AA009F24FC /* Frameworks */ = {
			isa = PBXFrameworksBuildPhase;
			buildActionMask = 2147483647;
			files = (
			);
			runOnlyForDeploymentPostprocessing = 0;
		};
		9E6F7EAE2D9CE5D5009F24FC /* Frameworks */ = {
			isa = PBXFrameworksBuildPhase;
			buildActionMask = 2147483647;
			files = (
			);
			runOnlyForDeploymentPostprocessing = 0;
		};
		9E7F119E2DA3537D00693A4E /* Frameworks */ = {
			isa = PBXFrameworksBuildPhase;
			buildActionMask = 2147483647;
			files = (
				9E7F11A62DA3537D00693A4E /* SwiftUI.framework in Frameworks */,
				9E7F11A42DA3537D00693A4E /* WidgetKit.framework in Frameworks */,
			);
			runOnlyForDeploymentPostprocessing = 0;
		};
/* End PBXFrameworksBuildPhase section */

/* Begin PBXGroup section */
		9E4D69BC2D8A68BA001BB449 = {
			isa = PBXGroup;
			children = (
				9E4D69C72D8A68BA001BB449 /* SeSACLaunchProject */,
				9E6F7EA32D9CE5AA009F24FC /* SeSACLaunchProjectUITests */,
				9E6F7EB22D9CE5D5009F24FC /* SeSACLaunchProjectTests */,
				9E7F11A72DA3537D00693A4E /* JackWidgetExtension */,
				9E7F11A22DA3537D00693A4E /* Frameworks */,
				9E4D69C62D8A68BA001BB449 /* Products */,
			);
			sourceTree = "<group>";
		};
		9E4D69C62D8A68BA001BB449 /* Products */ = {
			isa = PBXGroup;
			children = (
				9E4D69C52D8A68BA001BB449 /* SeSACLaunchProject.app */,
				9E6F7EA22D9CE5AA009F24FC /* SeSACLaunchProjectUITests.xctest */,
				9E6F7EB12D9CE5D5009F24FC /* SeSACLaunchProjectTests.xctest */,
				9E7F11A12DA3537D00693A4E /* JackWidgetExtensionExtension.appex */,
			);
			name = Products;
			sourceTree = "<group>";
		};
		9E7F11A22DA3537D00693A4E /* Frameworks */ = {
			isa = PBXGroup;
			children = (
				9E7F11A32DA3537D00693A4E /* WidgetKit.framework */,
				9E7F11A52DA3537D00693A4E /* SwiftUI.framework */,
			);
			name = Frameworks;
			sourceTree = "<group>";
		};
/* End PBXGroup section */

/* Begin PBXNativeTarget section */
		9E4D69C42D8A68BA001BB449 /* SeSACLaunchProject */ = {
			isa = PBXNativeTarget;
			buildConfigurationList = 9E4D69D82D8A68BC001BB449 /* Build configuration list for PBXNativeTarget "SeSACLaunchProject" */;
			buildPhases = (
				9E4D69C12D8A68BA001BB449 /* Sources */,
				9E4D69C22D8A68BA001BB449 /* Frameworks */,
				9E4D69C32D8A68BA001BB449 /* Resources */,
				9E7F11B82DA3537F00693A4E /* Embed Foundation Extensions */,
			);
			buildRules = (
			);
			dependencies = (
				9E7F11B62DA3537F00693A4E /* PBXTargetDependency */,
			);
			fileSystemSynchronizedGroups = (
				9E4D69C72D8A68BA001BB449 /* SeSACLaunchProject */,
			);
			name = SeSACLaunchProject;
			packageProductDependencies = (
				9E6F7E952D9CCC40009F24FC /* FirebaseAnalyticsWithoutAdIdSupport */,
				9E6F7E972D9CCC40009F24FC /* FirebaseCrashlytics */,
				9E6F7E992D9CCC40009F24FC /* FirebaseMessaging */,
				9E6F7E9C2D9CCC54009F24FC /* SnapKit */,
			);
			productName = SeSACLaunchProject;
			productReference = 9E4D69C52D8A68BA001BB449 /* SeSACLaunchProject.app */;
			productType = "com.apple.product-type.application";
		};
		9E6F7EA12D9CE5AA009F24FC /* SeSACLaunchProjectUITests */ = {
			isa = PBXNativeTarget;
			buildConfigurationList = 9E6F7EAA2D9CE5AA009F24FC /* Build configuration list for PBXNativeTarget "SeSACLaunchProjectUITests" */;
			buildPhases = (
				9E6F7E9E2D9CE5AA009F24FC /* Sources */,
				9E6F7E9F2D9CE5AA009F24FC /* Frameworks */,
				9E6F7EA02D9CE5AA009F24FC /* Resources */,
			);
			buildRules = (
			);
			dependencies = (
				9E6F7EA92D9CE5AA009F24FC /* PBXTargetDependency */,
			);
			fileSystemSynchronizedGroups = (
				9E6F7EA32D9CE5AA009F24FC /* SeSACLaunchProjectUITests */,
			);
			name = SeSACLaunchProjectUITests;
			packageProductDependencies = (
			);
			productName = SeSACLaunchProjectUITests;
			productReference = 9E6F7EA22D9CE5AA009F24FC /* SeSACLaunchProjectUITests.xctest */;
			productType = "com.apple.product-type.bundle.ui-testing";
		};
		9E6F7EB02D9CE5D5009F24FC /* SeSACLaunchProjectTests */ = {
			isa = PBXNativeTarget;
			buildConfigurationList = 9E6F7EB72D9CE5D5009F24FC /* Build configuration list for PBXNativeTarget "SeSACLaunchProjectTests" */;
			buildPhases = (
				9E6F7EAD2D9CE5D5009F24FC /* Sources */,
				9E6F7EAE2D9CE5D5009F24FC /* Frameworks */,
				9E6F7EAF2D9CE5D5009F24FC /* Resources */,
			);
			buildRules = (
			);
			dependencies = (
				9E6F7EB62D9CE5D5009F24FC /* PBXTargetDependency */,
			);
			fileSystemSynchronizedGroups = (
				9E6F7EB22D9CE5D5009F24FC /* SeSACLaunchProjectTests */,
			);
			name = SeSACLaunchProjectTests;
			packageProductDependencies = (
			);
			productName = SeSACLaunchProjectTests;
			productReference = 9E6F7EB12D9CE5D5009F24FC /* SeSACLaunchProjectTests.xctest */;
			productType = "com.apple.product-type.bundle.unit-test";
		};
		9E7F11A02DA3537D00693A4E /* JackWidgetExtensionExtension */ = {
			isa = PBXNativeTarget;
			buildConfigurationList = 9E7F11BB2DA3537F00693A4E /* Build configuration list for PBXNativeTarget "JackWidgetExtensionExtension" */;
			buildPhases = (
				9E7F119D2DA3537D00693A4E /* Sources */,
				9E7F119E2DA3537D00693A4E /* Frameworks */,
				9E7F119F2DA3537D00693A4E /* Resources */,
			);
			buildRules = (
			);
			dependencies = (
			);
			fileSystemSynchronizedGroups = (
				9E7F11A72DA3537D00693A4E /* JackWidgetExtension */,
			);
			name = JackWidgetExtensionExtension;
			packageProductDependencies = (
			);
			productName = JackWidgetExtensionExtension;
			productReference = 9E7F11A12DA3537D00693A4E /* JackWidgetExtensionExtension.appex */;
			productType = "com.apple.product-type.app-extension";
		};
/* End PBXNativeTarget section */

/* Begin PBXProject section */
		9E4D69BD2D8A68BA001BB449 /* Project object */ = {
			isa = PBXProject;
			attributes = {
				BuildIndependentTargetsInParallel = 1;
				LastSwiftUpdateCheck = 1610;
				LastUpgradeCheck = 1610;
				TargetAttributes = {
					9E4D69C42D8A68BA001BB449 = {
						CreatedOnToolsVersion = 16.1;
					};
					9E6F7EA12D9CE5AA009F24FC = {
						CreatedOnToolsVersion = 16.1;
						TestTargetID = 9E4D69C42D8A68BA001BB449;
					};
					9E6F7EB02D9CE5D5009F24FC = {
						CreatedOnToolsVersion = 16.1;
						TestTargetID = 9E4D69C42D8A68BA001BB449;
					};
					9E7F11A02DA3537D00693A4E = {
						CreatedOnToolsVersion = 16.1;
					};
				};
			};
			buildConfigurationList = 9E4D69C02D8A68BA001BB449 /* Build configuration list for PBXProject "SeSACLaunchProject" */;
			developmentRegion = en;
			hasScannedForEncodings = 0;
			knownRegions = (
				en,
				Base,
			);
			mainGroup = 9E4D69BC2D8A68BA001BB449;
			minimizedProjectReferenceProxies = 1;
			packageReferences = (
				9E6F7E942D9CCC40009F24FC /* XCRemoteSwiftPackageReference "firebase-ios-sdk" */,
				9E6F7E9B2D9CCC54009F24FC /* XCRemoteSwiftPackageReference "SnapKit" */,
			);
			preferredProjectObjectVersion = 77;
			productRefGroup = 9E4D69C62D8A68BA001BB449 /* Products */;
			projectDirPath = "";
			projectRoot = "";
			targets = (
				9E4D69C42D8A68BA001BB449 /* SeSACLaunchProject */,
				9E6F7EA12D9CE5AA009F24FC /* SeSACLaunchProjectUITests */,
				9E6F7EB02D9CE5D5009F24FC /* SeSACLaunchProjectTests */,
				9E7F11A02DA3537D00693A4E /* JackWidgetExtensionExtension */,
			);
		};
/* End PBXProject section */

/* Begin PBXResourcesBuildPhase section */
		9E4D69C32D8A68BA001BB449 /* Resources */ = {
			isa = PBXResourcesBuildPhase;
			buildActionMask = 2147483647;
			files = (
			);
			runOnlyForDeploymentPostprocessing = 0;
		};
		9E6F7EA02D9CE5AA009F24FC /* Resources */ = {
			isa = PBXResourcesBuildPhase;
			buildActionMask = 2147483647;
			files = (
			);
			runOnlyForDeploymentPostprocessing = 0;
		};
		9E6F7EAF2D9CE5D5009F24FC /* Resources */ = {
			isa = PBXResourcesBuildPhase;
			buildActionMask = 2147483647;
			files = (
			);
			runOnlyForDeploymentPostprocessing = 0;
		};
		9E7F119F2DA3537D00693A4E /* Resources */ = {
			isa = PBXResourcesBuildPhase;
			buildActionMask = 2147483647;
			files = (
			);
			runOnlyForDeploymentPostprocessing = 0;
		};
/* End PBXResourcesBuildPhase section */

/* Begin PBXSourcesBuildPhase section */
		9E4D69C12D8A68BA001BB449 /* Sources */ = {
			isa = PBXSourcesBuildPhase;
			buildActionMask = 2147483647;
			files = (
			);
			runOnlyForDeploymentPostprocessing = 0;
		};
		9E6F7E9E2D9CE5AA009F24FC /* Sources */ = {
			isa = PBXSourcesBuildPhase;
			buildActionMask = 2147483647;
			files = (
			);
			runOnlyForDeploymentPostprocessing = 0;
		};
		9E6F7EAD2D9CE5D5009F24FC /* Sources */ = {
			isa = PBXSourcesBuildPhase;
			buildActionMask = 2147483647;
			files = (
			);
			runOnlyForDeploymentPostprocessing = 0;
		};
		9E7F119D2DA3537D00693A4E /* Sources */ = {
			isa = PBXSourcesBuildPhase;
			buildActionMask = 2147483647;
			files = (
			);
			runOnlyForDeploymentPostprocessing = 0;
		};
/* End PBXSourcesBuildPhase section */

/* Begin PBXTargetDependency section */
		9E6F7EA92D9CE5AA009F24FC /* PBXTargetDependency */ = {
			isa = PBXTargetDependency;
			target = 9E4D69C42D8A68BA001BB449 /* SeSACLaunchProject */;
			targetProxy = 9E6F7EA82D9CE5AA009F24FC /* PBXContainerItemProxy */;
		};
		9E6F7EB62D9CE5D5009F24FC /* PBXTargetDependency */ = {
			isa = PBXTargetDependency;
			target = 9E4D69C42D8A68BA001BB449 /* SeSACLaunchProject */;
			targetProxy = 9E6F7EB52D9CE5D5009F24FC /* PBXContainerItemProxy */;
		};
		9E7F11B62DA3537F00693A4E /* PBXTargetDependency */ = {
			isa = PBXTargetDependency;
			target = 9E7F11A02DA3537D00693A4E /* JackWidgetExtensionExtension */;
			targetProxy = 9E7F11B52DA3537F00693A4E /* PBXContainerItemProxy */;
		};
/* End PBXTargetDependency section */

/* Begin XCBuildConfiguration section */
		9E4D69D92D8A68BC001BB449 /* Debug */ = {
			isa = XCBuildConfiguration;
			buildSettings = {
				ASSETCATALOG_COMPILER_APPICON_NAME = AppIcon;
				ASSETCATALOG_COMPILER_GLOBAL_ACCENT_COLOR_NAME = AccentColor;
				CODE_SIGN_ENTITLEMENTS = SeSACLaunchProject/SeSACLaunchProject.entitlements;
				CODE_SIGN_STYLE = Automatic;
				CURRENT_PROJECT_VERSION = 1;
				DEVELOPMENT_TEAM = A95XXD5WT7;
				GENERATE_INFOPLIST_FILE = YES;
				INFOPLIST_FILE = SeSACLaunchProject/Info.plist;
				INFOPLIST_KEY_UIApplicationSupportsIndirectInputEvents = YES;
				INFOPLIST_KEY_UILaunchStoryboardName = LaunchScreen;
				INFOPLIST_KEY_UIMainStoryboardFile = Main;
				INFOPLIST_KEY_UISupportedInterfaceOrientations_iPad = "UIInterfaceOrientationPortrait UIInterfaceOrientationPortraitUpsideDown UIInterfaceOrientationLandscapeLeft UIInterfaceOrientationLandscapeRight";
				INFOPLIST_KEY_UISupportedInterfaceOrientations_iPhone = "UIInterfaceOrientationPortrait UIInterfaceOrientationLandscapeLeft UIInterfaceOrientationLandscapeRight";
				LD_RUNPATH_SEARCH_PATHS = (
					"$(inherited)",
					"@executable_path/Frameworks",
				);
				MARKETING_VERSION = 1.0;
				PRODUCT_BUNDLE_IDENTIFIER = com.psy.SeSACLaunchProject2;
				PRODUCT_NAME = "$(TARGET_NAME)";
				SWIFT_EMIT_LOC_STRINGS = YES;
				SWIFT_VERSION = 5.0;
				TARGETED_DEVICE_FAMILY = "1,2";
			};
			name = Debug;
		};
		9E4D69DA2D8A68BC001BB449 /* Release */ = {
			isa = XCBuildConfiguration;
			buildSettings = {
				ASSETCATALOG_COMPILER_APPICON_NAME = AppIcon;
				ASSETCATALOG_COMPILER_GLOBAL_ACCENT_COLOR_NAME = AccentColor;
				CODE_SIGN_ENTITLEMENTS = SeSACLaunchProject/SeSACLaunchProject.entitlements;
				CODE_SIGN_STYLE = Automatic;
				CURRENT_PROJECT_VERSION = 1;
				DEVELOPMENT_TEAM = A95XXD5WT7;
				GENERATE_INFOPLIST_FILE = YES;
				INFOPLIST_FILE = SeSACLaunchProject/Info.plist;
				INFOPLIST_KEY_UIApplicationSupportsIndirectInputEvents = YES;
				INFOPLIST_KEY_UILaunchStoryboardName = LaunchScreen;
				INFOPLIST_KEY_UIMainStoryboardFile = Main;
				INFOPLIST_KEY_UISupportedInterfaceOrientations_iPad = "UIInterfaceOrientationPortrait UIInterfaceOrientationPortraitUpsideDown UIInterfaceOrientationLandscapeLeft UIInterfaceOrientationLandscapeRight";
				INFOPLIST_KEY_UISupportedInterfaceOrientations_iPhone = "UIInterfaceOrientationPortrait UIInterfaceOrientationLandscapeLeft UIInterfaceOrientationLandscapeRight";
				LD_RUNPATH_SEARCH_PATHS = (
					"$(inherited)",
					"@executable_path/Frameworks",
				);
				MARKETING_VERSION = 1.0;
				PRODUCT_BUNDLE_IDENTIFIER = com.psy.SeSACLaunchProject2;
				PRODUCT_NAME = "$(TARGET_NAME)";
				SWIFT_EMIT_LOC_STRINGS = YES;
				SWIFT_VERSION = 5.0;
				TARGETED_DEVICE_FAMILY = "1,2";
			};
			name = Release;
		};
		9E4D69DB2D8A68BC001BB449 /* Debug */ = {
			isa = XCBuildConfiguration;
			buildSettings = {
				ALWAYS_SEARCH_USER_PATHS = NO;
				ASSETCATALOG_COMPILER_GENERATE_SWIFT_ASSET_SYMBOL_EXTENSIONS = YES;
				CLANG_ANALYZER_NONNULL = YES;
				CLANG_ANALYZER_NUMBER_OBJECT_CONVERSION = YES_AGGRESSIVE;
				CLANG_CXX_LANGUAGE_STANDARD = "gnu++20";
				CLANG_ENABLE_MODULES = YES;
				CLANG_ENABLE_OBJC_ARC = YES;
				CLANG_ENABLE_OBJC_WEAK = YES;
				CLANG_WARN_BLOCK_CAPTURE_AUTORELEASING = YES;
				CLANG_WARN_BOOL_CONVERSION = YES;
				CLANG_WARN_COMMA = YES;
				CLANG_WARN_CONSTANT_CONVERSION = YES;
				CLANG_WARN_DEPRECATED_OBJC_IMPLEMENTATIONS = YES;
				CLANG_WARN_DIRECT_OBJC_ISA_USAGE = YES_ERROR;
				CLANG_WARN_DOCUMENTATION_COMMENTS = YES;
				CLANG_WARN_EMPTY_BODY = YES;
				CLANG_WARN_ENUM_CONVERSION = YES;
				CLANG_WARN_INFINITE_RECURSION = YES;
				CLANG_WARN_INT_CONVERSION = YES;
				CLANG_WARN_NON_LITERAL_NULL_CONVERSION = YES;
				CLANG_WARN_OBJC_IMPLICIT_RETAIN_SELF = YES;
				CLANG_WARN_OBJC_LITERAL_CONVERSION = YES;
				CLANG_WARN_OBJC_ROOT_CLASS = YES_ERROR;
				CLANG_WARN_QUOTED_INCLUDE_IN_FRAMEWORK_HEADER = YES;
				CLANG_WARN_RANGE_LOOP_ANALYSIS = YES;
				CLANG_WARN_STRICT_PROTOTYPES = YES;
				CLANG_WARN_SUSPICIOUS_MOVE = YES;
				CLANG_WARN_UNGUARDED_AVAILABILITY = YES_AGGRESSIVE;
				CLANG_WARN_UNREACHABLE_CODE = YES;
				CLANG_WARN__DUPLICATE_METHOD_MATCH = YES;
				COPY_PHASE_STRIP = NO;
				DEBUG_INFORMATION_FORMAT = dwarf;
				ENABLE_STRICT_OBJC_MSGSEND = YES;
				ENABLE_TESTABILITY = YES;
				ENABLE_USER_SCRIPT_SANDBOXING = YES;
				GCC_C_LANGUAGE_STANDARD = gnu17;
				GCC_DYNAMIC_NO_PIC = NO;
				GCC_NO_COMMON_BLOCKS = YES;
				GCC_OPTIMIZATION_LEVEL = 0;
				GCC_PREPROCESSOR_DEFINITIONS = (
					"DEBUG=1",
					"$(inherited)",
				);
				GCC_WARN_64_TO_32_BIT_CONVERSION = YES;
				GCC_WARN_ABOUT_RETURN_TYPE = YES_ERROR;
				GCC_WARN_UNDECLARED_SELECTOR = YES;
				GCC_WARN_UNINITIALIZED_AUTOS = YES_AGGRESSIVE;
				GCC_WARN_UNUSED_FUNCTION = YES;
				GCC_WARN_UNUSED_VARIABLE = YES;
				IPHONEOS_DEPLOYMENT_TARGET = 18.1;
				LOCALIZATION_PREFERS_STRING_CATALOGS = YES;
				MTL_ENABLE_DEBUG_INFO = INCLUDE_SOURCE;
				MTL_FAST_MATH = YES;
				ONLY_ACTIVE_ARCH = YES;
				SDKROOT = iphoneos;
				SWIFT_ACTIVE_COMPILATION_CONDITIONS = "DEBUG $(inherited)";
				SWIFT_OPTIMIZATION_LEVEL = "-Onone";
			};
			name = Debug;
		};
		9E4D69DC2D8A68BC001BB449 /* Release */ = {
			isa = XCBuildConfiguration;
			buildSettings = {
				ALWAYS_SEARCH_USER_PATHS = NO;
				ASSETCATALOG_COMPILER_GENERATE_SWIFT_ASSET_SYMBOL_EXTENSIONS = YES;
				CLANG_ANALYZER_NONNULL = YES;
				CLANG_ANALYZER_NUMBER_OBJECT_CONVERSION = YES_AGGRESSIVE;
				CLANG_CXX_LANGUAGE_STANDARD = "gnu++20";
				CLANG_ENABLE_MODULES = YES;
				CLANG_ENABLE_OBJC_ARC = YES;
				CLANG_ENABLE_OBJC_WEAK = YES;
				CLANG_WARN_BLOCK_CAPTURE_AUTORELEASING = YES;
				CLANG_WARN_BOOL_CONVERSION = YES;
				CLANG_WARN_COMMA = YES;
				CLANG_WARN_CONSTANT_CONVERSION = YES;
				CLANG_WARN_DEPRECATED_OBJC_IMPLEMENTATIONS = YES;
				CLANG_WARN_DIRECT_OBJC_ISA_USAGE = YES_ERROR;
				CLANG_WARN_DOCUMENTATION_COMMENTS = YES;
				CLANG_WARN_EMPTY_BODY = YES;
				CLANG_WARN_ENUM_CONVERSION = YES;
				CLANG_WARN_INFINITE_RECURSION = YES;
				CLANG_WARN_INT_CONVERSION = YES;
				CLANG_WARN_NON_LITERAL_NULL_CONVERSION = YES;
				CLANG_WARN_OBJC_IMPLICIT_RETAIN_SELF = YES;
				CLANG_WARN_OBJC_LITERAL_CONVERSION = YES;
				CLANG_WARN_OBJC_ROOT_CLASS = YES_ERROR;
				CLANG_WARN_QUOTED_INCLUDE_IN_FRAMEWORK_HEADER = YES;
				CLANG_WARN_RANGE_LOOP_ANALYSIS = YES;
				CLANG_WARN_STRICT_PROTOTYPES = YES;
				CLANG_WARN_SUSPICIOUS_MOVE = YES;
				CLANG_WARN_UNGUARDED_AVAILABILITY = YES_AGGRESSIVE;
				CLANG_WARN_UNREACHABLE_CODE = YES;
				CLANG_WARN__DUPLICATE_METHOD_MATCH = YES;
				COPY_PHASE_STRIP = NO;
				DEBUG_INFORMATION_FORMAT = "dwarf-with-dsym";
				ENABLE_NS_ASSERTIONS = NO;
				ENABLE_STRICT_OBJC_MSGSEND = YES;
				ENABLE_USER_SCRIPT_SANDBOXING = YES;
				GCC_C_LANGUAGE_STANDARD = gnu17;
				GCC_NO_COMMON_BLOCKS = YES;
				GCC_WARN_64_TO_32_BIT_CONVERSION = YES;
				GCC_WARN_ABOUT_RETURN_TYPE = YES_ERROR;
				GCC_WARN_UNDECLARED_SELECTOR = YES;
				GCC_WARN_UNINITIALIZED_AUTOS = YES_AGGRESSIVE;
				GCC_WARN_UNUSED_FUNCTION = YES;
				GCC_WARN_UNUSED_VARIABLE = YES;
				IPHONEOS_DEPLOYMENT_TARGET = 18.1;
				LOCALIZATION_PREFERS_STRING_CATALOGS = YES;
				MTL_ENABLE_DEBUG_INFO = NO;
				MTL_FAST_MATH = YES;
				SDKROOT = iphoneos;
				SWIFT_COMPILATION_MODE = wholemodule;
				VALIDATE_PRODUCT = YES;
			};
			name = Release;
		};
		9E6F7EAB2D9CE5AA009F24FC /* Debug */ = {
			isa = XCBuildConfiguration;
			buildSettings = {
				CODE_SIGN_STYLE = Automatic;
				CURRENT_PROJECT_VERSION = 1;
				DEVELOPMENT_TEAM = A95XXD5WT7;
				GENERATE_INFOPLIST_FILE = YES;
				MARKETING_VERSION = 1.0;
				PRODUCT_BUNDLE_IDENTIFIER = com.psy.SeSACLaunchProjectUITests;
				PRODUCT_NAME = "$(TARGET_NAME)";
				SWIFT_EMIT_LOC_STRINGS = NO;
				SWIFT_VERSION = 5.0;
				TARGETED_DEVICE_FAMILY = "1,2";
				TEST_TARGET_NAME = SeSACLaunchProject;
			};
			name = Debug;
		};
		9E6F7EAC2D9CE5AA009F24FC /* Release */ = {
			isa = XCBuildConfiguration;
			buildSettings = {
				CODE_SIGN_STYLE = Automatic;
				CURRENT_PROJECT_VERSION = 1;
				DEVELOPMENT_TEAM = A95XXD5WT7;
				GENERATE_INFOPLIST_FILE = YES;
				MARKETING_VERSION = 1.0;
				PRODUCT_BUNDLE_IDENTIFIER = com.psy.SeSACLaunchProjectUITests;
				PRODUCT_NAME = "$(TARGET_NAME)";
				SWIFT_EMIT_LOC_STRINGS = NO;
				SWIFT_VERSION = 5.0;
				TARGETED_DEVICE_FAMILY = "1,2";
				TEST_TARGET_NAME = SeSACLaunchProject;
			};
			name = Release;
		};
		9E6F7EB82D9CE5D5009F24FC /* Debug */ = {
			isa = XCBuildConfiguration;
			buildSettings = {
				BUNDLE_LOADER = "$(TEST_HOST)";
				CODE_SIGN_STYLE = Automatic;
				CURRENT_PROJECT_VERSION = 1;
				DEVELOPMENT_TEAM = A95XXD5WT7;
				GENERATE_INFOPLIST_FILE = YES;
				MARKETING_VERSION = 1.0;
				PRODUCT_BUNDLE_IDENTIFIER = com.psy.SeSACLaunchProjectTests;
				PRODUCT_NAME = "$(TARGET_NAME)";
				SWIFT_EMIT_LOC_STRINGS = NO;
				SWIFT_VERSION = 5.0;
				TARGETED_DEVICE_FAMILY = "1,2";
				TEST_HOST = "$(BUILT_PRODUCTS_DIR)/SeSACLaunchProject.app/$(BUNDLE_EXECUTABLE_FOLDER_PATH)/SeSACLaunchProject";
			};
			name = Debug;
		};
		9E6F7EB92D9CE5D5009F24FC /* Release */ = {
			isa = XCBuildConfiguration;
			buildSettings = {
				BUNDLE_LOADER = "$(TEST_HOST)";
				CODE_SIGN_STYLE = Automatic;
				CURRENT_PROJECT_VERSION = 1;
				DEVELOPMENT_TEAM = A95XXD5WT7;
				GENERATE_INFOPLIST_FILE = YES;
				MARKETING_VERSION = 1.0;
				PRODUCT_BUNDLE_IDENTIFIER = com.psy.SeSACLaunchProjectTests;
				PRODUCT_NAME = "$(TARGET_NAME)";
				SWIFT_EMIT_LOC_STRINGS = NO;
				SWIFT_VERSION = 5.0;
				TARGETED_DEVICE_FAMILY = "1,2";
				TEST_HOST = "$(BUILT_PRODUCTS_DIR)/SeSACLaunchProject.app/$(BUNDLE_EXECUTABLE_FOLDER_PATH)/SeSACLaunchProject";
			};
			name = Release;
		};
		9E7F11B92DA3537F00693A4E /* Debug */ = {
			isa = XCBuildConfiguration;
			buildSettings = {
				ASSETCATALOG_COMPILER_GLOBAL_ACCENT_COLOR_NAME = AccentColor;
				ASSETCATALOG_COMPILER_WIDGET_BACKGROUND_COLOR_NAME = WidgetBackground;
				CODE_SIGN_STYLE = Automatic;
				CURRENT_PROJECT_VERSION = 1;
				DEVELOPMENT_TEAM = A95XXD5WT7;
				GENERATE_INFOPLIST_FILE = YES;
				INFOPLIST_FILE = JackWidgetExtension/Info.plist;
				INFOPLIST_KEY_CFBundleDisplayName = JackWidgetExtension;
				INFOPLIST_KEY_NSHumanReadableCopyright = "";
				LD_RUNPATH_SEARCH_PATHS = (
					"$(inherited)",
					"@executable_path/Frameworks",
					"@executable_path/../../Frameworks",
				);
				MARKETING_VERSION = 1.0;
				PRODUCT_BUNDLE_IDENTIFIER = com.psy.SeSACLaunchProject2.JackWidgetExtension;
				PRODUCT_NAME = "$(TARGET_NAME)";
				SKIP_INSTALL = YES;
				SWIFT_EMIT_LOC_STRINGS = YES;
				SWIFT_VERSION = 5.0;
				TARGETED_DEVICE_FAMILY = "1,2";
			};
			name = Debug;
		};
		9E7F11BA2DA3537F00693A4E /* Release */ = {
			isa = XCBuildConfiguration;
			buildSettings = {
				ASSETCATALOG_COMPILER_GLOBAL_ACCENT_COLOR_NAME = AccentColor;
				ASSETCATALOG_COMPILER_WIDGET_BACKGROUND_COLOR_NAME = WidgetBackground;
				CODE_SIGN_STYLE = Automatic;
				CURRENT_PROJECT_VERSION = 1;
				DEVELOPMENT_TEAM = A95XXD5WT7;
				GENERATE_INFOPLIST_FILE = YES;
				INFOPLIST_FILE = JackWidgetExtension/Info.plist;
				INFOPLIST_KEY_CFBundleDisplayName = JackWidgetExtension;
				INFOPLIST_KEY_NSHumanReadableCopyright = "";
				LD_RUNPATH_SEARCH_PATHS = (
					"$(inherited)",
					"@executable_path/Frameworks",
					"@executable_path/../../Frameworks",
				);
				MARKETING_VERSION = 1.0;
				PRODUCT_BUNDLE_IDENTIFIER = com.psy.SeSACLaunchProject2.JackWidgetExtension;
				PRODUCT_NAME = "$(TARGET_NAME)";
				SKIP_INSTALL = YES;
				SWIFT_EMIT_LOC_STRINGS = YES;
				SWIFT_VERSION = 5.0;
				TARGETED_DEVICE_FAMILY = "1,2";
			};
			name = Release;
		};
/* End XCBuildConfiguration section */

/* Begin XCConfigurationList section */
		9E4D69C02D8A68BA001BB449 /* Build configuration list for PBXProject "SeSACLaunchProject" */ = {
			isa = XCConfigurationList;
			buildConfigurations = (
				9E4D69DB2D8A68BC001BB449 /* Debug */,
				9E4D69DC2D8A68BC001BB449 /* Release */,
			);
			defaultConfigurationIsVisible = 0;
			defaultConfigurationName = Release;
		};
		9E4D69D82D8A68BC001BB449 /* Build configuration list for PBXNativeTarget "SeSACLaunchProject" */ = {
			isa = XCConfigurationList;
			buildConfigurations = (
				9E4D69D92D8A68BC001BB449 /* Debug */,
				9E4D69DA2D8A68BC001BB449 /* Release */,
			);
			defaultConfigurationIsVisible = 0;
			defaultConfigurationName = Release;
		};
		9E6F7EAA2D9CE5AA009F24FC /* Build configuration list for PBXNativeTarget "SeSACLaunchProjectUITests" */ = {
			isa = XCConfigurationList;
			buildConfigurations = (
				9E6F7EAB2D9CE5AA009F24FC /* Debug */,
				9E6F7EAC2D9CE5AA009F24FC /* Release */,
			);
			defaultConfigurationIsVisible = 0;
			defaultConfigurationName = Release;
		};
		9E6F7EB72D9CE5D5009F24FC /* Build configuration list for PBXNativeTarget "SeSACLaunchProjectTests" */ = {
			isa = XCConfigurationList;
			buildConfigurations = (
				9E6F7EB82D9CE5D5009F24FC /* Debug */,
				9E6F7EB92D9CE5D5009F24FC /* Release */,
			);
			defaultConfigurationIsVisible = 0;
			defaultConfigurationName = Release;
		};
		9E7F11BB2DA3537F00693A4E /* Build configuration list for PBXNativeTarget "JackWidgetExtensionExtension" */ = {
			isa = XCConfigurationList;
			buildConfigurations = (
				9E7F11B92DA3537F00693A4E /* Debug */,
				9E7F11BA2DA3537F00693A4E /* Release */,
			);
			defaultConfigurationIsVisible = 0;
			defaultConfigurationName = Release;
		};
/* End XCConfigurationList section */

/* Begin XCRemoteSwiftPackageReference section */
		9E6F7E942D9CCC40009F24FC /* XCRemoteSwiftPackageReference "firebase-ios-sdk" */ = {
			isa = XCRemoteSwiftPackageReference;
			repositoryURL = "https://github.com/firebase/firebase-ios-sdk.git";
			requirement = {
				kind = upToNextMajorVersion;
				minimumVersion = 11.11.0;
			};
		};
		9E6F7E9B2D9CCC54009F24FC /* XCRemoteSwiftPackageReference "SnapKit" */ = {
			isa = XCRemoteSwiftPackageReference;
			repositoryURL = "https://github.com/SnapKit/SnapKit.git";
			requirement = {
				kind = upToNextMajorVersion;
				minimumVersion = 5.7.1;
			};
		};
/* End XCRemoteSwiftPackageReference section */

/* Begin XCSwiftPackageProductDependency section */
		9E6F7E952D9CCC40009F24FC /* FirebaseAnalyticsWithoutAdIdSupport */ = {
			isa = XCSwiftPackageProductDependency;
			package = 9E6F7E942D9CCC40009F24FC /* XCRemoteSwiftPackageReference "firebase-ios-sdk" */;
			productName = FirebaseAnalyticsWithoutAdIdSupport;
		};
		9E6F7E972D9CCC40009F24FC /* FirebaseCrashlytics */ = {
			isa = XCSwiftPackageProductDependency;
			package = 9E6F7E942D9CCC40009F24FC /* XCRemoteSwiftPackageReference "firebase-ios-sdk" */;
			productName = FirebaseCrashlytics;
		};
		9E6F7E992D9CCC40009F24FC /* FirebaseMessaging */ = {
			isa = XCSwiftPackageProductDependency;
			package = 9E6F7E942D9CCC40009F24FC /* XCRemoteSwiftPackageReference "firebase-ios-sdk" */;
			productName = FirebaseMessaging;
		};
		9E6F7E9C2D9CCC54009F24FC /* SnapKit */ = {
			isa = XCSwiftPackageProductDependency;
			package = 9E6F7E9B2D9CCC54009F24FC /* XCRemoteSwiftPackageReference "SnapKit" */;
			productName = SnapKit;
		};
/* End XCSwiftPackageProductDependency section */
	};
	rootObject = 9E4D69BD2D8A68BA001BB449 /* Project object */;
}
