// !$*UTF8*$!
{
	archiveVersion = 1;
	classes = {
	};
	objectVersion = 77;
	objects = {

/* Begin PBXBuildFile section */
		9EBF60B52DB7409500982A61 /* ContentView.swift in Sources */ = {isa = PBXBuildFile; fileRef = 9EBF60B22DB7409500982A61 /* ContentView.swift */; };
		9EBF60B62DB7409500982A61 /* SwiftUITCABasicApp.swift in Sources */ = {isa = PBXBuildFile; fileRef = 9EBF60B32DB7409500982A61 /* SwiftUITCABasicApp.swift */; };
		9EBF60B72DB7409500982A61 /* Preview Assets.xcassets in Resources */ = {isa = PBXBuildFile; fileRef = 9EBF60AF2DB7409500982A61 /* Preview Assets.xcassets */; };
		9EBF60B82DB7409500982A61 /* Assets.xcassets in Resources */ = {isa = PBXBuildFile; fileRef = 9EBF60B12DB7409500982A61 /* Assets.xcassets */; };
		9EBF60BB2DB740B100982A61 /* ComposableArchitecture in Frameworks */ = {isa = PBXBuildFile; productRef = 9EBF60BA2DB740B100982A61 /* ComposableArchitecture */; };
		9EBF60BD2DB76F5600982A61 /* TextCountView.swift in Sources */ = {isa = PBXBuildFile; fileRef = 9EBF60BC2DB76F5600982A61 /* TextCountView.swift */; };
		9EBF60C92DB8760E00982A61 /* NameView.swift in Sources */ = {isa = PBXBuildFile; fileRef = 9EBF60C82DB8760E00982A61 /* NameView.swift */; };
		9EBF60CB2DB87BEE00982A61 /* NameViewWithTextField.swift in Sources */ = {isa = PBXBuildFile; fileRef = 9EBF60CA2DB87BED00982A61 /* NameViewWithTextField.swift */; };
		9EBF60CD2DB887DD00982A61 /* TodoView.swift in Sources */ = {isa = PBXBuildFile; fileRef = 9EBF60CC2DB887DD00982A61 /* TodoView.swift */; };
/* End PBXBuildFile section */

/* Begin PBXFileReference section */
		9EBF609E2DB7408D00982A61 /* SwiftUITCABasic.app */ = {isa = PBXFileReference; explicitFileType = wrapper.application; includeInIndex = 0; path = SwiftUITCABasic.app; sourceTree = BUILT_PRODUCTS_DIR; };
		9EBF60AF2DB7409500982A61 /* Preview Assets.xcassets */ = {isa = PBXFileReference; lastKnownFileType = folder.assetcatalog; path = "Preview Assets.xcassets"; sourceTree = "<group>"; };
		9EBF60B12DB7409500982A61 /* Assets.xcassets */ = {isa = PBXFileReference; lastKnownFileType = folder.assetcatalog; path = Assets.xcassets; sourceTree = "<group>"; };
		9EBF60B22DB7409500982A61 /* ContentView.swift */ = {isa = PBXFileReference; lastKnownFileType = sourcecode.swift; path = ContentView.swift; sourceTree = "<group>"; };
		9EBF60B32DB7409500982A61 /* SwiftUITCABasicApp.swift */ = {isa = PBXFileReference; lastKnownFileType = sourcecode.swift; path = SwiftUITCABasicApp.swift; sourceTree = "<group>"; };
		9EBF60BC2DB76F5600982A61 /* TextCountView.swift */ = {isa = PBXFileReference; lastKnownFileType = sourcecode.swift; path = TextCountView.swift; sourceTree = "<group>"; };
		9EBF60C82DB8760E00982A61 /* NameView.swift */ = {isa = PBXFileReference; lastKnownFileType = sourcecode.swift; path = NameView.swift; sourceTree = "<group>"; };
		9EBF60CA2DB87BED00982A61 /* NameViewWithTextField.swift */ = {isa = PBXFileReference; lastKnownFileType = sourcecode.swift; path = NameViewWithTextField.swift; sourceTree = "<group>"; };
		9EBF60CC2DB887DD00982A61 /* TodoView.swift */ = {isa = PBXFileReference; lastKnownFileType = sourcecode.swift; path = TodoView.swift; sourceTree = "<group>"; };
/* End PBXFileReference section */

/* Begin PBXFrameworksBuildPhase section */
		9EBF609B2DB7408D00982A61 /* Frameworks */ = {
			isa = PBXFrameworksBuildPhase;
			buildActionMask = 2147483647;
			files = (
				9EBF60BB2DB740B100982A61 /* ComposableArchitecture in Frameworks */,
			);
			runOnlyForDeploymentPostprocessing = 0;
		};
/* End PBXFrameworksBuildPhase section */

/* Begin PBXGroup section */
		9EBF60952DB7408D00982A61 = {
			isa = PBXGroup;
			children = (
				9EBF60B42DB7409500982A61 /* SwiftUITCABasic */,
				9EBF609F2DB7408D00982A61 /* Products */,
			);
			sourceTree = "<group>";
		};
		9EBF609F2DB7408D00982A61 /* Products */ = {
			isa = PBXGroup;
			children = (
				9EBF609E2DB7408D00982A61 /* SwiftUITCABasic.app */,
			);
			name = Products;
			sourceTree = "<group>";
		};
		9EBF60B02DB7409500982A61 /* Preview Content */ = {
			isa = PBXGroup;
			children = (
				9EBF60AF2DB7409500982A61 /* Preview Assets.xcassets */,
			);
			path = "Preview Content";
			sourceTree = "<group>";
		};
		9EBF60B42DB7409500982A61 /* SwiftUITCABasic */ = {
			isa = PBXGroup;
			children = (
				9EBF60B32DB7409500982A61 /* SwiftUITCABasicApp.swift */,
				9EBF60B22DB7409500982A61 /* ContentView.swift */,
				9EBF60BC2DB76F5600982A61 /* TextCountView.swift */,
				9EBF60C82DB8760E00982A61 /* NameView.swift */,
				9EBF60CA2DB87BED00982A61 /* NameViewWithTextField.swift */,
				9EBF60CC2DB887DD00982A61 /* TodoView.swift */,
				9EBF60B12DB7409500982A61 /* Assets.xcassets */,
				9EBF60B02DB7409500982A61 /* Preview Content */,
			);
			path = SwiftUITCABasic;
			sourceTree = "<group>";
		};
/* End PBXGroup section */

/* Begin PBXNativeTarget section */
		9EBF609D2DB7408D00982A61 /* SwiftUITCABasic */ = {
			isa = PBXNativeTarget;
			buildConfigurationList = 9EBF60AC2DB7408F00982A61 /* Build configuration list for PBXNativeTarget "SwiftUITCABasic" */;
			buildPhases = (
				9EBF609A2DB7408D00982A61 /* Sources */,
				9EBF609B2DB7408D00982A61 /* Frameworks */,
				9EBF609C2DB7408D00982A61 /* Resources */,
			);
			buildRules = (
			);
			dependencies = (
			);
			name = SwiftUITCABasic;
			packageProductDependencies = (
				9EBF60BA2DB740B100982A61 /* ComposableArchitecture */,
			);
			productName = SwiftUITCABasic;
			productReference = 9EBF609E2DB7408D00982A61 /* SwiftUITCABasic.app */;
			productType = "com.apple.product-type.application";
		};
/* End PBXNativeTarget section */

/* Begin PBXProject section */
		9EBF60962DB7408D00982A61 /* Project object */ = {
			isa = PBXProject;
			attributes = {
				BuildIndependentTargetsInParallel = 1;
				LastSwiftUpdateCheck = 1610;
				LastUpgradeCheck = 1610;
				TargetAttributes = {
					9EBF609D2DB7408D00982A61 = {
						CreatedOnToolsVersion = 16.1;
					};
				};
			};
			buildConfigurationList = 9EBF60992DB7408D00982A61 /* Build configuration list for PBXProject "SwiftUITCABasic" */;
			developmentRegion = en;
			hasScannedForEncodings = 0;
			knownRegions = (
				en,
				Base,
			);
			mainGroup = 9EBF60952DB7408D00982A61;
			minimizedProjectReferenceProxies = 1;
			packageReferences = (
				9EBF60B92DB740B100982A61 /* XCRemoteSwiftPackageReference "swift-composable-architecture" */,
			);
			preferredProjectObjectVersion = 77;
			productRefGroup = 9EBF609F2DB7408D00982A61 /* Products */;
			projectDirPath = "";
			projectRoot = "";
			targets = (
				9EBF609D2DB7408D00982A61 /* SwiftUITCABasic */,
			);
		};
/* End PBXProject section */

/* Begin PBXResourcesBuildPhase section */
		9EBF609C2DB7408D00982A61 /* Resources */ = {
			isa = PBXResourcesBuildPhase;
			buildActionMask = 2147483647;
			files = (
				9EBF60B72DB7409500982A61 /* Preview Assets.xcassets in Resources */,
				9EBF60B82DB7409500982A61 /* Assets.xcassets in Resources */,
			);
			runOnlyForDeploymentPostprocessing = 0;
		};
/* End PBXResourcesBuildPhase section */

/* Begin PBXSourcesBuildPhase section */
		9EBF609A2DB7408D00982A61 /* Sources */ = {
			isa = PBXSourcesBuildPhase;
			buildActionMask = 2147483647;
			files = (
				9EBF60CD2DB887DD00982A61 /* TodoView.swift in Sources */,
				9EBF60BD2DB76F5600982A61 /* TextCountView.swift in Sources */,
				9EBF60CB2DB87BEE00982A61 /* NameViewWithTextField.swift in Sources */,
				9EBF60C92DB8760E00982A61 /* NameView.swift in Sources */,
				9EBF60B52DB7409500982A61 /* ContentView.swift in Sources */,
				9EBF60B62DB7409500982A61 /* SwiftUITCABasicApp.swift in Sources */,
			);
			runOnlyForDeploymentPostprocessing = 0;
		};
/* End PBXSourcesBuildPhase section */

/* Begin XCBuildConfiguration section */
		9EBF60AA2DB7408F00982A61 /* Debug */ = {
			isa = XCBuildConfiguration;
			buildSettings = {
				ALWAYS_SEARCH_USER_PATHS = NO;
				ASSETCATALOG_COMPILER_GENERATE_SWIFT_ASSET_SYMBOL_EXTENSIONS = YES;
				CLANG_ANALYZER_NONNULL = YES;
				CLANG_ANALYZER_NUMBER_OBJECT_CONVERSION = YES_AGGRESSIVE;
				CLANG_CXX_LANGUAGE_STANDARD = "gnu++20";
				CLANG_ENABLE_MODULES = YES;
				CLANG_ENABLE_OBJC_ARC = YES;
				CLANG_ENABLE_OBJC_WEAK = YES;
				CLANG_WARN_BLOCK_CAPTURE_AUTORELEASING = YES;
				CLANG_WARN_BOOL_CONVERSION = YES;
				CLANG_WARN_COMMA = YES;
				CLANG_WARN_CONSTANT_CONVERSION = YES;
				CLANG_WARN_DEPRECATED_OBJC_IMPLEMENTATIONS = YES;
				CLANG_WARN_DIRECT_OBJC_ISA_USAGE = YES_ERROR;
				CLANG_WARN_DOCUMENTATION_COMMENTS = YES;
				CLANG_WARN_EMPTY_BODY = YES;
				CLANG_WARN_ENUM_CONVERSION = YES;
				CLANG_WARN_INFINITE_RECURSION = YES;
				CLANG_WARN_INT_CONVERSION = YES;
				CLANG_WARN_NON_LITERAL_NULL_CONVERSION = YES;
				CLANG_WARN_OBJC_IMPLICIT_RETAIN_SELF = YES;
				CLANG_WARN_OBJC_LITERAL_CONVERSION = YES;
				CLANG_WARN_OBJC_ROOT_CLASS = YES_ERROR;
				CLANG_WARN_QUOTED_INCLUDE_IN_FRAMEWORK_HEADER = YES;
				CLANG_WARN_RANGE_LOOP_ANALYSIS = YES;
				CLANG_WARN_STRICT_PROTOTYPES = YES;
				CLANG_WARN_SUSPICIOUS_MOVE = YES;
				CLANG_WARN_UNGUARDED_AVAILABILITY = YES_AGGRESSIVE;
				CLANG_WARN_UNREACHABLE_CODE = YES;
				CLANG_WARN__DUPLICATE_METHOD_MATCH = YES;
				COPY_PHASE_STRIP = NO;
				DEBUG_INFORMATION_FORMAT = dwarf;
				ENABLE_STRICT_OBJC_MSGSEND = YES;
				ENABLE_TESTABILITY = YES;
				ENABLE_USER_SCRIPT_SANDBOXING = YES;
				GCC_C_LANGUAGE_STANDARD = gnu17;
				GCC_DYNAMIC_NO_PIC = NO;
				GCC_NO_COMMON_BLOCKS = YES;
				GCC_OPTIMIZATION_LEVEL = 0;
				GCC_PREPROCESSOR_DEFINITIONS = (
					"DEBUG=1",
					"$(inherited)",
				);
				GCC_WARN_64_TO_32_BIT_CONVERSION = YES;
				GCC_WARN_ABOUT_RETURN_TYPE = YES_ERROR;
				GCC_WARN_UNDECLARED_SELECTOR = YES;
				GCC_WARN_UNINITIALIZED_AUTOS = YES_AGGRESSIVE;
				GCC_WARN_UNUSED_FUNCTION = YES;
				GCC_WARN_UNUSED_VARIABLE = YES;
				IPHONEOS_DEPLOYMENT_TARGET = 18.1;
				LOCALIZATION_PREFERS_STRING_CATALOGS = YES;
				MTL_ENABLE_DEBUG_INFO = INCLUDE_SOURCE;
				MTL_FAST_MATH = YES;
				ONLY_ACTIVE_ARCH = YES;
				SDKROOT = iphoneos;
				SWIFT_ACTIVE_COMPILATION_CONDITIONS = "DEBUG $(inherited)";
				SWIFT_OPTIMIZATION_LEVEL = "-Onone";
			};
			name = Debug;
		};
		9EBF60AB2DB7408F00982A61 /* Release */ = {
			isa = XCBuildConfiguration;
			buildSettings = {
				ALWAYS_SEARCH_USER_PATHS = NO;
				ASSETCATALOG_COMPILER_GENERATE_SWIFT_ASSET_SYMBOL_EXTENSIONS = YES;
				CLANG_ANALYZER_NONNULL = YES;
				CLANG_ANALYZER_NUMBER_OBJECT_CONVERSION = YES_AGGRESSIVE;
				CLANG_CXX_LANGUAGE_STANDARD = "gnu++20";
				CLANG_ENABLE_MODULES = YES;
				CLANG_ENABLE_OBJC_ARC = YES;
				CLANG_ENABLE_OBJC_WEAK = YES;
				CLANG_WARN_BLOCK_CAPTURE_AUTORELEASING = YES;
				CLANG_WARN_BOOL_CONVERSION = YES;
				CLANG_WARN_COMMA = YES;
				CLANG_WARN_CONSTANT_CONVERSION = YES;
				CLANG_WARN_DEPRECATED_OBJC_IMPLEMENTATIONS = YES;
				CLANG_WARN_DIRECT_OBJC_ISA_USAGE = YES_ERROR;
				CLANG_WARN_DOCUMENTATION_COMMENTS = YES;
				CLANG_WARN_EMPTY_BODY = YES;
				CLANG_WARN_ENUM_CONVERSION = YES;
				CLANG_WARN_INFINITE_RECURSION = YES;
				CLANG_WARN_INT_CONVERSION = YES;
				CLANG_WARN_NON_LITERAL_NULL_CONVERSION = YES;
				CLANG_WARN_OBJC_IMPLICIT_RETAIN_SELF = YES;
				CLANG_WARN_OBJC_LITERAL_CONVERSION = YES;
				CLANG_WARN_OBJC_ROOT_CLASS = YES_ERROR;
				CLANG_WARN_QUOTED_INCLUDE_IN_FRAMEWORK_HEADER = YES;
				CLANG_WARN_RANGE_LOOP_ANALYSIS = YES;
				CLANG_WARN_STRICT_PROTOTYPES = YES;
				CLANG_WARN_SUSPICIOUS_MOVE = YES;
				CLANG_WARN_UNGUARDED_AVAILABILITY = YES_AGGRESSIVE;
				CLANG_WARN_UNREACHABLE_CODE = YES;
				CLANG_WARN__DUPLICATE_METHOD_MATCH = YES;
				COPY_PHASE_STRIP = NO;
				DEBUG_INFORMATION_FORMAT = "dwarf-with-dsym";
				ENABLE_NS_ASSERTIONS = NO;
				ENABLE_STRICT_OBJC_MSGSEND = YES;
				ENABLE_USER_SCRIPT_SANDBOXING = YES;
				GCC_C_LANGUAGE_STANDARD = gnu17;
				GCC_NO_COMMON_BLOCKS = YES;
				GCC_WARN_64_TO_32_BIT_CONVERSION = YES;
				GCC_WARN_ABOUT_RETURN_TYPE = YES_ERROR;
				GCC_WARN_UNDECLARED_SELECTOR = YES;
				GCC_WARN_UNINITIALIZED_AUTOS = YES_AGGRESSIVE;
				GCC_WARN_UNUSED_FUNCTION = YES;
				GCC_WARN_UNUSED_VARIABLE = YES;
				IPHONEOS_DEPLOYMENT_TARGET = 18.1;
				LOCALIZATION_PREFERS_STRING_CATALOGS = YES;
				MTL_ENABLE_DEBUG_INFO = NO;
				MTL_FAST_MATH = YES;
				SDKROOT = iphoneos;
				SWIFT_COMPILATION_MODE = wholemodule;
				VALIDATE_PRODUCT = YES;
			};
			name = Release;
		};
		9EBF60AD2DB7408F00982A61 /* Debug */ = {
			isa = XCBuildConfiguration;
			buildSettings = {
				ASSETCATALOG_COMPILER_APPICON_NAME = AppIcon;
				ASSETCATALOG_COMPILER_GLOBAL_ACCENT_COLOR_NAME = AccentColor;
				CODE_SIGN_STYLE = Automatic;
				CURRENT_PROJECT_VERSION = 1;
				DEVELOPMENT_ASSET_PATHS = "\"SwiftUITCABasic/Preview Content\"";
				DEVELOPMENT_TEAM = A95XXD5WT7;
				ENABLE_PREVIEWS = YES;
				GENERATE_INFOPLIST_FILE = YES;
				INFOPLIST_KEY_UIApplicationSceneManifest_Generation = YES;
				INFOPLIST_KEY_UIApplicationSupportsIndirectInputEvents = YES;
				INFOPLIST_KEY_UILaunchScreen_Generation = YES;
				INFOPLIST_KEY_UISupportedInterfaceOrientations_iPad = "UIInterfaceOrientationPortrait UIInterfaceOrientationPortraitUpsideDown UIInterfaceOrientationLandscapeLeft UIInterfaceOrientationLandscapeRight";
				INFOPLIST_KEY_UISupportedInterfaceOrientations_iPhone = "UIInterfaceOrientationPortrait UIInterfaceOrientationLandscapeLeft UIInterfaceOrientationLandscapeRight";
				LD_RUNPATH_SEARCH_PATHS = (
					"$(inherited)",
					"@executable_path/Frameworks",
				);
				MARKETING_VERSION = 1.0;
				PRODUCT_BUNDLE_IDENTIFIER = com.psy.SwiftUITCABasic;
				PRODUCT_NAME = "$(TARGET_NAME)";
				SUPPORTED_PLATFORMS = "iphoneos iphonesimulator";
				SUPPORTS_MACCATALYST = NO;
				SUPPORTS_MAC_DESIGNED_FOR_IPHONE_IPAD = NO;
				SUPPORTS_XR_DESIGNED_FOR_IPHONE_IPAD = NO;
				SWIFT_EMIT_LOC_STRINGS = YES;
				SWIFT_VERSION = 6.0;
				TARGETED_DEVICE_FAMILY = "1,2";
			};
			name = Debug;
		};
		9EBF60AE2DB7408F00982A61 /* Release */ = {
			isa = XCBuildConfiguration;
			buildSettings = {
				ASSETCATALOG_COMPILER_APPICON_NAME = AppIcon;
				ASSETCATALOG_COMPILER_GLOBAL_ACCENT_COLOR_NAME = AccentColor;
				CODE_SIGN_STYLE = Automatic;
				CURRENT_PROJECT_VERSION = 1;
				DEVELOPMENT_ASSET_PATHS = "\"SwiftUITCABasic/Preview Content\"";
				DEVELOPMENT_TEAM = A95XXD5WT7;
				ENABLE_PREVIEWS = YES;
				GENERATE_INFOPLIST_FILE = YES;
				INFOPLIST_KEY_UIApplicationSceneManifest_Generation = YES;
				INFOPLIST_KEY_UIApplicationSupportsIndirectInputEvents = YES;
				INFOPLIST_KEY_UILaunchScreen_Generation = YES;
				INFOPLIST_KEY_UISupportedInterfaceOrientations_iPad = "UIInterfaceOrientationPortrait UIInterfaceOrientationPortraitUpsideDown UIInterfaceOrientationLandscapeLeft UIInterfaceOrientationLandscapeRight";
				INFOPLIST_KEY_UISupportedInterfaceOrientations_iPhone = "UIInterfaceOrientationPortrait UIInterfaceOrientationLandscapeLeft UIInterfaceOrientationLandscapeRight";
				LD_RUNPATH_SEARCH_PATHS = (
					"$(inherited)",
					"@executable_path/Frameworks",
				);
				MARKETING_VERSION = 1.0;
				PRODUCT_BUNDLE_IDENTIFIER = com.psy.SwiftUITCABasic;
				PRODUCT_NAME = "$(TARGET_NAME)";
				SUPPORTED_PLATFORMS = "iphoneos iphonesimulator";
				SUPPORTS_MACCATALYST = NO;
				SUPPORTS_MAC_DESIGNED_FOR_IPHONE_IPAD = NO;
				SUPPORTS_XR_DESIGNED_FOR_IPHONE_IPAD = NO;
				SWIFT_EMIT_LOC_STRINGS = YES;
				SWIFT_VERSION = 6.0;
				TARGETED_DEVICE_FAMILY = "1,2";
			};
			name = Release;
		};
/* End XCBuildConfiguration section */

/* Begin XCConfigurationList section */
		9EBF60992DB7408D00982A61 /* Build configuration list for PBXProject "SwiftUITCABasic" */ = {
			isa = XCConfigurationList;
			buildConfigurations = (
				9EBF60AA2DB7408F00982A61 /* Debug */,
				9EBF60AB2DB7408F00982A61 /* Release */,
			);
			defaultConfigurationIsVisible = 0;
			defaultConfigurationName = Release;
		};
		9EBF60AC2DB7408F00982A61 /* Build configuration list for PBXNativeTarget "SwiftUITCABasic" */ = {
			isa = XCConfigurationList;
			buildConfigurations = (
				9EBF60AD2DB7408F00982A61 /* Debug */,
				9EBF60AE2DB7408F00982A61 /* Release */,
			);
			defaultConfigurationIsVisible = 0;
			defaultConfigurationName = Release;
		};
/* End XCConfigurationList section */

/* Begin XCRemoteSwiftPackageReference section */
		9EBF60B92DB740B100982A61 /* XCRemoteSwiftPackageReference "swift-composable-architecture" */ = {
			isa = XCRemoteSwiftPackageReference;
			repositoryURL = "https://github.com/pointfreeco/swift-composable-architecture.git";
			requirement = {
				kind = upToNextMajorVersion;
				minimumVersion = 1.19.1;
			};
		};
/* End XCRemoteSwiftPackageReference section */

/* Begin XCSwiftPackageProductDependency section */
		9EBF60BA2DB740B100982A61 /* ComposableArchitecture */ = {
			isa = XCSwiftPackageProductDependency;
			package = 9EBF60B92DB740B100982A61 /* XCRemoteSwiftPackageReference "swift-composable-architecture" */;
			productName = ComposableArchitecture;
		};
/* End XCSwiftPackageProductDependency section */
	};
	rootObject = 9EBF60962DB7408D00982A61 /* Project object */;
}
